// !$*UTF8*$!
{
	archiveVersion = 1;
	classes = {
	};
	objectVersion = 51;
	objects = {

/* Begin PBXBuildFile section */
		56105648251DA7CC0082E573 /* DIContainer.swift in Sources */ = {isa = PBXBuildFile; fileRef = 56105647251DA7CC0082E573 /* DIContainer.swift */; };
		5613C54E2517B9D100AAE6AE /* EntryInfoControllerObserver.swift in Sources */ = {isa = PBXBuildFile; fileRef = 5613C54D2517B9D100AAE6AE /* EntryInfoControllerObserver.swift */; };
		5613C5562517BCA600AAE6AE /* Observable+OptionalUnwrapping.swift in Sources */ = {isa = PBXBuildFile; fileRef = 5613C5552517BCA600AAE6AE /* Observable+OptionalUnwrapping.swift */; };
		5613C5592517C03000AAE6AE /* EntriesObserver.swift in Sources */ = {isa = PBXBuildFile; fileRef = 5613C5582517C03000AAE6AE /* EntriesObserver.swift */; };
		5613C5842518790200AAE6AE /* BaseTableViewController.swift in Sources */ = {isa = PBXBuildFile; fileRef = 5613C5832518790200AAE6AE /* BaseTableViewController.swift */; };
		5613C58725187D5E00AAE6AE /* EntryListView.swift in Sources */ = {isa = PBXBuildFile; fileRef = 5613C58625187D5E00AAE6AE /* EntryListView.swift */; };
		56167758251C4DCA0022E0F4 /* ActionTargetToClosureConversion.swift in Sources */ = {isa = PBXBuildFile; fileRef = 56167757251C4DCA0022E0F4 /* ActionTargetToClosureConversion.swift */; };
		561B69CD2518871F00F92261 /* UseCasesNamespace.swift in Sources */ = {isa = PBXBuildFile; fileRef = 561B69CC2518871F00F92261 /* UseCasesNamespace.swift */; };
		561B69D32518A62400F92261 /* NiblessTableView.swift in Sources */ = {isa = PBXBuildFile; fileRef = 561B69D22518A62400F92261 /* NiblessTableView.swift */; };
		562FB59A25131B7700C73142 /* L10n.swift in Sources */ = {isa = PBXBuildFile; fileRef = 562FB59925131B7700C73142 /* L10n.swift */; };
		562FB59C25131B8000C73142 /* Assets.swift in Sources */ = {isa = PBXBuildFile; fileRef = 562FB59B25131B8000C73142 /* Assets.swift */; };
		56385C6F2511F7E60099D9CC /* Executable.swift in Sources */ = {isa = PBXBuildFile; fileRef = 56385C6E2511F7E60099D9CC /* Executable.swift */; };
		56385C732511F8700099D9CC /* Entities.swift in Sources */ = {isa = PBXBuildFile; fileRef = 56385C722511F8700099D9CC /* Entities.swift */; };
		56385C762511F95E0099D9CC /* Entry.swift in Sources */ = {isa = PBXBuildFile; fileRef = 56385C752511F95E0099D9CC /* Entry.swift */; };
		56385C7E2512010B0099D9CC /* Dispatching.swift in Sources */ = {isa = PBXBuildFile; fileRef = 56385C7D2512010B0099D9CC /* Dispatching.swift */; };
		56385C8325121E920099D9CC /* EntryListUseCases.swift in Sources */ = {isa = PBXBuildFile; fileRef = 56385C8225121E920099D9CC /* EntryListUseCases.swift */; };
		56385C8725121F9E0099D9CC /* EntryListGoToEntryInfoUseCase.swift in Sources */ = {isa = PBXBuildFile; fileRef = 56385C8625121F9E0099D9CC /* EntryListGoToEntryInfoUseCase.swift */; };
		56385C8A2512201E0099D9CC /* Dispatcher.swift in Sources */ = {isa = PBXBuildFile; fileRef = 56385C892512201E0099D9CC /* Dispatcher.swift */; };
		56385C8D2512216A0099D9CC /* BaseUseCase.swift in Sources */ = {isa = PBXBuildFile; fileRef = 56385C8C2512216A0099D9CC /* BaseUseCase.swift */; };
		56385C90251223320099D9CC /* EntryListRemoveEntryUseCase.swift in Sources */ = {isa = PBXBuildFile; fileRef = 56385C8F251223320099D9CC /* EntryListRemoveEntryUseCase.swift */; };
		56385C93251224360099D9CC /* EntryInfoUseCases.swift in Sources */ = {isa = PBXBuildFile; fileRef = 56385C92251224360099D9CC /* EntryInfoUseCases.swift */; };
		56385C95251226910099D9CC /* EntryInfoAddEntryUseCase.swift in Sources */ = {isa = PBXBuildFile; fileRef = 56385C94251226910099D9CC /* EntryInfoAddEntryUseCase.swift */; };
		56385C9B251249D00099D9CC /* EntryListActions.swift in Sources */ = {isa = PBXBuildFile; fileRef = 56385C9A251249D00099D9CC /* EntryListActions.swift */; };
		56385C9D251249EB0099D9CC /* EntryInfoActions.swift in Sources */ = {isa = PBXBuildFile; fileRef = 56385C9C251249EB0099D9CC /* EntryInfoActions.swift */; };
		563AFC9A24FC316200EB6F53 /* AppDelegate.swift in Sources */ = {isa = PBXBuildFile; fileRef = 563AFC9924FC316200EB6F53 /* AppDelegate.swift */; };
		563AFCA324FC316400EB6F53 /* Assets.xcassets in Resources */ = {isa = PBXBuildFile; fileRef = 563AFCA224FC316400EB6F53 /* Assets.xcassets */; };
		563B688B2508FC0100E9B282 /* LaunchScreen.storyboard in Resources */ = {isa = PBXBuildFile; fileRef = 563B688A2508FC0100E9B282 /* LaunchScreen.storyboard */; };
		563B68942508FCBF00E9B282 /* Localizable.strings in Resources */ = {isa = PBXBuildFile; fileRef = 563B68962508FCBF00E9B282 /* Localizable.strings */; };
		563CB1942519C6B500857530 /* Reusable.swift in Sources */ = {isa = PBXBuildFile; fileRef = 563CB1932519C6B500857530 /* Reusable.swift */; };
		563CB1962519C74E00857530 /* UITableView+Registration.swift in Sources */ = {isa = PBXBuildFile; fileRef = 563CB1952519C74E00857530 /* UITableView+Registration.swift */; };
		563CB1992519C9CB00857530 /* EntryCell.swift in Sources */ = {isa = PBXBuildFile; fileRef = 563CB1982519C9CB00857530 /* EntryCell.swift */; };
		563CB19B2519CA0B00857530 /* NiblessTableViewCell.swift in Sources */ = {isa = PBXBuildFile; fileRef = 563CB19A2519CA0B00857530 /* NiblessTableViewCell.swift */; };
		56404386251C622800689CFE /* Optional+CollectionConvenience.swift in Sources */ = {isa = PBXBuildFile; fileRef = 56404385251C622800689CFE /* Optional+CollectionConvenience.swift */; };
		56404388251C655F00689CFE /* Constraint+Zeroing.swift in Sources */ = {isa = PBXBuildFile; fileRef = 56404387251C655F00689CFE /* Constraint+Zeroing.swift */; };
		564EF5832513233200BA84DA /* EntryListController.swift in Sources */ = {isa = PBXBuildFile; fileRef = 564EF5822513233200BA84DA /* EntryListController.swift */; };
		564EF585251323B900BA84DA /* iOSAppState.swift in Sources */ = {isa = PBXBuildFile; fileRef = 564EF584251323B900BA84DA /* iOSAppState.swift */; };
		564EF5872513242D00BA84DA /* EntryInfoDismissUseCase.swift in Sources */ = {isa = PBXBuildFile; fileRef = 564EF5862513242D00BA84DA /* EntryInfoDismissUseCase.swift */; };
		564EF5892513285F00BA84DA /* EntryListViewControllerState.swift in Sources */ = {isa = PBXBuildFile; fileRef = 564EF5882513285F00BA84DA /* EntryListViewControllerState.swift */; };
		564EF58B2513289100BA84DA /* iOSEntryInfoState.swift in Sources */ = {isa = PBXBuildFile; fileRef = 564EF58A2513289100BA84DA /* iOSEntryInfoState.swift */; };
		564EF5902513292300BA84DA /* iOSTabBarState.swift in Sources */ = {isa = PBXBuildFile; fileRef = 564EF58F2513292300BA84DA /* iOSTabBarState.swift */; };
		56677FC525146481000C36BE /* EntryListViewControllerReducer.swift in Sources */ = {isa = PBXBuildFile; fileRef = 56677FC425146481000C36BE /* EntryListViewControllerReducer.swift */; };
		56677FCA2514667C000C36BE /* Reducing.swift in Sources */ = {isa = PBXBuildFile; fileRef = 56677FC92514667C000C36BE /* Reducing.swift */; };
		56677FCC251466FF000C36BE /* Defaultable.swift in Sources */ = {isa = PBXBuildFile; fileRef = 56677FCB251466FF000C36BE /* Defaultable.swift */; };
		5668F158251D96D20020FF06 /* ErrorResponder.swift in Sources */ = {isa = PBXBuildFile; fileRef = 5668F157251D96D20020FF06 /* ErrorResponder.swift */; };
		56696D7825138E8D0095B79C /* iOSEntryListState.swift in Sources */ = {isa = PBXBuildFile; fileRef = 56696D7725138E8D0095B79C /* iOSEntryListState.swift */; };
		566A4181251468BB0040F306 /* iOSEntryListReducer.swift in Sources */ = {isa = PBXBuildFile; fileRef = 566A4180251468BB0040F306 /* iOSEntryListReducer.swift */; };
		566A4185251468FC0040F306 /* iOSTabBarReducer.swift in Sources */ = {isa = PBXBuildFile; fileRef = 566A4184251468FC0040F306 /* iOSTabBarReducer.swift */; };
		566A41882514696F0040F306 /* iOSEntryInfoReducer.swift in Sources */ = {isa = PBXBuildFile; fileRef = 566A41872514696F0040F306 /* iOSEntryInfoReducer.swift */; };
		566A418D251469FB0040F306 /* iOSAppReducer.swift in Sources */ = {isa = PBXBuildFile; fileRef = 566A418C251469FB0040F306 /* iOSAppReducer.swift */; };
		5671EB9A2520B29200778D76 /* Store+StateObservableFactoryMethod.swift in Sources */ = {isa = PBXBuildFile; fileRef = 5671EB992520B29200778D76 /* Store+StateObservableFactoryMethod.swift */; };
		5671EBA02520B53700778D76 /* TabBarDIContainer.swift in Sources */ = {isa = PBXBuildFile; fileRef = 5671EB9F2520B53700778D76 /* TabBarDIContainer.swift */; };
		5671EBA52520B58900778D76 /* EntryInfoDIContainer.swift in Sources */ = {isa = PBXBuildFile; fileRef = 5671EBA42520B58900778D76 /* EntryInfoDIContainer.swift */; };
		5671EBA72520B97F00778D76 /* EntryListDIContainer.swift in Sources */ = {isa = PBXBuildFile; fileRef = 5671EBA62520B97F00778D76 /* EntryListDIContainer.swift */; };
		5671EBAA2520BB8E00778D76 /* EntryListRootDIContainer.swift in Sources */ = {isa = PBXBuildFile; fileRef = 5671EBA92520BB8E00778D76 /* EntryListRootDIContainer.swift */; };
		568D57C7251633CB00922A9A /* SubscriptionContainer.swift in Sources */ = {isa = PBXBuildFile; fileRef = 568D57C6251633CB00922A9A /* SubscriptionContainer.swift */; };
		568D57C92516398C00922A9A /* ObservingStopping.swift in Sources */ = {isa = PBXBuildFile; fileRef = 568D57C82516398C00922A9A /* ObservingStopping.swift */; };
		568D57CF2517563F00922A9A /* InterruptibleObserver.swift in Sources */ = {isa = PBXBuildFile; fileRef = 568D57CE2517563F00922A9A /* InterruptibleObserver.swift */; };
		568D57D12517735900922A9A /* EntryError.swift in Sources */ = {isa = PBXBuildFile; fileRef = 568D57D02517735900922A9A /* EntryError.swift */; };
		56A19D212520706400A33C48 /* VoidResult.swift in Sources */ = {isa = PBXBuildFile; fileRef = 56A19D202520706400A33C48 /* VoidResult.swift */; };
		56A19D232520793B00A33C48 /* EntryListNavigationController.swift in Sources */ = {isa = PBXBuildFile; fileRef = 56A19D222520793B00A33C48 /* EntryListNavigationController.swift */; };
		56A19D4D2520805A00A33C48 /* EditableTableViewDiffableDataSource.swift in Sources */ = {isa = PBXBuildFile; fileRef = 56A19D4C2520805A00A33C48 /* EditableTableViewDiffableDataSource.swift */; };
		56A19D4F2520933300A33C48 /* TabBarController.swift in Sources */ = {isa = PBXBuildFile; fileRef = 56A19D4E2520933300A33C48 /* TabBarController.swift */; };
		56A19D51252095A100A33C48 /* TabBarObserver.swift in Sources */ = {isa = PBXBuildFile; fileRef = 56A19D50252095A100A33C48 /* TabBarObserver.swift */; };
		56AF87E4251A240700AF6733 /* EntryInfoController.swift in Sources */ = {isa = PBXBuildFile; fileRef = 56AF87E3251A240700AF6733 /* EntryInfoController.swift */; };
		56AF87E7251A265F00AF6733 /* EntryInfoView.swift in Sources */ = {isa = PBXBuildFile; fileRef = 56AF87E6251A265F00AF6733 /* EntryInfoView.swift */; };
		56AF87E9251A272300AF6733 /* BaseViewController.swift in Sources */ = {isa = PBXBuildFile; fileRef = 56AF87E8251A272300AF6733 /* BaseViewController.swift */; };
		56C9826125177FB800B014C6 /* Namespace.swift in Sources */ = {isa = PBXBuildFile; fileRef = 56C9826025177FB800B014C6 /* Namespace.swift */; };
		56C982652517844300B014C6 /* PresentationNamespace.swift in Sources */ = {isa = PBXBuildFile; fileRef = 56C982642517844300B014C6 /* PresentationNamespace.swift */; };
		56C98267251785F800B014C6 /* ActionsNamespace.swift in Sources */ = {isa = PBXBuildFile; fileRef = 56C98266251785F800B014C6 /* ActionsNamespace.swift */; };
		56CAC56825147AAA006A7229 /* Observing.swift in Sources */ = {isa = PBXBuildFile; fileRef = 56CAC56725147AAA006A7229 /* Observing.swift */; };
		56CAC56B25147FFC006A7229 /* Graph.swift in Sources */ = {isa = PBXBuildFile; fileRef = 56CAC56A25147FFC006A7229 /* Graph.swift */; };
		56CAC56E2514805E006A7229 /* Vertex.swift in Sources */ = {isa = PBXBuildFile; fileRef = 56CAC56D2514805E006A7229 /* Vertex.swift */; };
		56CFB9922520D4AE00F3E04D /* ScopedState.swift in Sources */ = {isa = PBXBuildFile; fileRef = 56CFB9912520D4AE00F3E04D /* ScopedState.swift */; };
		56CFB9942520D8A500F3E04D /* StoreSubscriberRxProxy.swift in Sources */ = {isa = PBXBuildFile; fileRef = 56CFB9932520D8A500F3E04D /* StoreSubscriberRxProxy.swift */; };
		56CFB9962520D8C700F3E04D /* ScopedStoreSubscriberRxProxy.swift in Sources */ = {isa = PBXBuildFile; fileRef = 56CFB9952520D8C700F3E04D /* ScopedStoreSubscriberRxProxy.swift */; };
		56DF7164251C879900C09A9E /* KeyboardUserInfo.swift in Sources */ = {isa = PBXBuildFile; fileRef = 56DF7163251C879900C09A9E /* KeyboardUserInfo.swift */; };
		56DF7167251CA11D00C09A9E /* KeyboardEventResponder.swift in Sources */ = {isa = PBXBuildFile; fileRef = 56DF7166251CA11D00C09A9E /* KeyboardEventResponder.swift */; };
		56DF7169251CA21B00C09A9E /* KeyboardObserver.swift in Sources */ = {isa = PBXBuildFile; fileRef = 56DF7168251CA21B00C09A9E /* KeyboardObserver.swift */; };
		56DF716B251CAD5800C09A9E /* Keyboard.swift in Sources */ = {isa = PBXBuildFile; fileRef = 56DF716A251CAD5800C09A9E /* Keyboard.swift */; };
		56DF716D251CB8BD00C09A9E /* Reactive+KeyboardUserInfo.swift in Sources */ = {isa = PBXBuildFile; fileRef = 56DF716C251CB8BD00C09A9E /* Reactive+KeyboardUserInfo.swift */; };
		56DF7173251CCC4B00C09A9E /* KeyboardRendering.swift in Sources */ = {isa = PBXBuildFile; fileRef = 56DF7172251CCC4B00C09A9E /* KeyboardRendering.swift */; };
		56E391262514E5100076CCC9 /* EntryListControllerObserver.swift in Sources */ = {isa = PBXBuildFile; fileRef = 56E391252514E5100076CCC9 /* EntryListControllerObserver.swift */; };
		56E3912C2516335E0076CCC9 /* BaseObserver.swift in Sources */ = {isa = PBXBuildFile; fileRef = 56E3912B2516335E0076CCC9 /* BaseObserver.swift */; };
		56F840F325130CB90083E128 /* CanvasLayout.swift in Sources */ = {isa = PBXBuildFile; fileRef = 56F840EF25130CB90083E128 /* CanvasLayout.swift */; };
		56F840F425130CB90083E128 /* CanvasViewController.swift in Sources */ = {isa = PBXBuildFile; fileRef = 56F840F025130CB90083E128 /* CanvasViewController.swift */; };
		56F840F525130CB90083E128 /* CanvasView.swift in Sources */ = {isa = PBXBuildFile; fileRef = 56F840F125130CB90083E128 /* CanvasView.swift */; };
		56F840F625130CB90083E128 /* CanvasLayoutWrapperView.swift in Sources */ = {isa = PBXBuildFile; fileRef = 56F840F225130CB90083E128 /* CanvasLayoutWrapperView.swift */; };
		56F840F925130CF20083E128 /* TypeAliases.swift in Sources */ = {isa = PBXBuildFile; fileRef = 56F840F825130CF20083E128 /* TypeAliases.swift */; };
		56F8410025130D310083E128 /* NiblessTableViewController.swift in Sources */ = {isa = PBXBuildFile; fileRef = 56F840FB25130D310083E128 /* NiblessTableViewController.swift */; };
		56F8410125130D310083E128 /* NiblessTabBarController.swift in Sources */ = {isa = PBXBuildFile; fileRef = 56F840FC25130D310083E128 /* NiblessTabBarController.swift */; };
		56F8410225130D310083E128 /* NiblessViewController.swift in Sources */ = {isa = PBXBuildFile; fileRef = 56F840FD25130D310083E128 /* NiblessViewController.swift */; };
		56F8410325130D310083E128 /* NiblessView.swift in Sources */ = {isa = PBXBuildFile; fileRef = 56F840FE25130D310083E128 /* NiblessView.swift */; };
		56F8410425130D310083E128 /* NiblessNavigationController.swift in Sources */ = {isa = PBXBuildFile; fileRef = 56F840FF25130D310083E128 /* NiblessNavigationController.swift */; };
		8CF8F6F2A953884F4A9E5A09 /* Pods_iLexi_iOS.framework in Frameworks */ = {isa = PBXBuildFile; fileRef = 99A85F71F4A343A7B0419DAF /* Pods_iLexi_iOS.framework */; };
/* End PBXBuildFile section */

/* Begin PBXCopyFilesBuildPhase section */
		563AFD1424FD2D1000EB6F53 /* Copy Frameworks */ = {
			isa = PBXCopyFilesBuildPhase;
			buildActionMask = 2147483647;
			dstPath = "";
			dstSubfolderSpec = 10;
			files = (
			);
			name = "Copy Frameworks";
			runOnlyForDeploymentPostprocessing = 0;
		};
/* End PBXCopyFilesBuildPhase section */

/* Begin PBXFileReference section */
		56105647251DA7CC0082E573 /* DIContainer.swift */ = {isa = PBXFileReference; lastKnownFileType = sourcecode.swift; path = DIContainer.swift; sourceTree = "<group>"; };
		5613C54D2517B9D100AAE6AE /* EntryInfoControllerObserver.swift */ = {isa = PBXFileReference; lastKnownFileType = sourcecode.swift; path = EntryInfoControllerObserver.swift; sourceTree = "<group>"; };
		5613C5552517BCA600AAE6AE /* Observable+OptionalUnwrapping.swift */ = {isa = PBXFileReference; lastKnownFileType = sourcecode.swift; path = "Observable+OptionalUnwrapping.swift"; sourceTree = "<group>"; };
		5613C5582517C03000AAE6AE /* EntriesObserver.swift */ = {isa = PBXFileReference; lastKnownFileType = sourcecode.swift; path = EntriesObserver.swift; sourceTree = "<group>"; };
		5613C5832518790200AAE6AE /* BaseTableViewController.swift */ = {isa = PBXFileReference; lastKnownFileType = sourcecode.swift; path = BaseTableViewController.swift; sourceTree = "<group>"; };
		5613C58625187D5E00AAE6AE /* EntryListView.swift */ = {isa = PBXFileReference; lastKnownFileType = sourcecode.swift; path = EntryListView.swift; sourceTree = "<group>"; };
		56167757251C4DCA0022E0F4 /* ActionTargetToClosureConversion.swift */ = {isa = PBXFileReference; lastKnownFileType = sourcecode.swift; path = ActionTargetToClosureConversion.swift; sourceTree = "<group>"; };
		561B69CC2518871F00F92261 /* UseCasesNamespace.swift */ = {isa = PBXFileReference; lastKnownFileType = sourcecode.swift; path = UseCasesNamespace.swift; sourceTree = "<group>"; };
		561B69D22518A62400F92261 /* NiblessTableView.swift */ = {isa = PBXFileReference; lastKnownFileType = sourcecode.swift; path = NiblessTableView.swift; sourceTree = "<group>"; };
		562FB59925131B7700C73142 /* L10n.swift */ = {isa = PBXFileReference; lastKnownFileType = sourcecode.swift; path = L10n.swift; sourceTree = "<group>"; };
		562FB59B25131B8000C73142 /* Assets.swift */ = {isa = PBXFileReference; lastKnownFileType = sourcecode.swift; path = Assets.swift; sourceTree = "<group>"; };
		56385C6E2511F7E60099D9CC /* Executable.swift */ = {isa = PBXFileReference; lastKnownFileType = sourcecode.swift; path = Executable.swift; sourceTree = "<group>"; };
		56385C722511F8700099D9CC /* Entities.swift */ = {isa = PBXFileReference; lastKnownFileType = sourcecode.swift; path = Entities.swift; sourceTree = "<group>"; };
		56385C752511F95E0099D9CC /* Entry.swift */ = {isa = PBXFileReference; lastKnownFileType = sourcecode.swift; path = Entry.swift; sourceTree = "<group>"; };
		56385C7D2512010B0099D9CC /* Dispatching.swift */ = {isa = PBXFileReference; lastKnownFileType = sourcecode.swift; path = Dispatching.swift; sourceTree = "<group>"; };
		56385C8225121E920099D9CC /* EntryListUseCases.swift */ = {isa = PBXFileReference; lastKnownFileType = sourcecode.swift; path = EntryListUseCases.swift; sourceTree = "<group>"; };
		56385C8625121F9E0099D9CC /* EntryListGoToEntryInfoUseCase.swift */ = {isa = PBXFileReference; lastKnownFileType = sourcecode.swift; path = EntryListGoToEntryInfoUseCase.swift; sourceTree = "<group>"; };
		56385C892512201E0099D9CC /* Dispatcher.swift */ = {isa = PBXFileReference; lastKnownFileType = sourcecode.swift; path = Dispatcher.swift; sourceTree = "<group>"; };
		56385C8C2512216A0099D9CC /* BaseUseCase.swift */ = {isa = PBXFileReference; lastKnownFileType = sourcecode.swift; path = BaseUseCase.swift; sourceTree = "<group>"; };
		56385C8F251223320099D9CC /* EntryListRemoveEntryUseCase.swift */ = {isa = PBXFileReference; lastKnownFileType = sourcecode.swift; path = EntryListRemoveEntryUseCase.swift; sourceTree = "<group>"; };
		56385C92251224360099D9CC /* EntryInfoUseCases.swift */ = {isa = PBXFileReference; lastKnownFileType = sourcecode.swift; path = EntryInfoUseCases.swift; sourceTree = "<group>"; };
		56385C94251226910099D9CC /* EntryInfoAddEntryUseCase.swift */ = {isa = PBXFileReference; lastKnownFileType = sourcecode.swift; path = EntryInfoAddEntryUseCase.swift; sourceTree = "<group>"; };
		56385C9A251249D00099D9CC /* EntryListActions.swift */ = {isa = PBXFileReference; lastKnownFileType = sourcecode.swift; path = EntryListActions.swift; sourceTree = "<group>"; };
		56385C9C251249EB0099D9CC /* EntryInfoActions.swift */ = {isa = PBXFileReference; lastKnownFileType = sourcecode.swift; path = EntryInfoActions.swift; sourceTree = "<group>"; };
		563AFC9624FC316200EB6F53 /* iLexi.app */ = {isa = PBXFileReference; explicitFileType = wrapper.application; includeInIndex = 0; path = iLexi.app; sourceTree = BUILT_PRODUCTS_DIR; };
		563AFC9924FC316200EB6F53 /* AppDelegate.swift */ = {isa = PBXFileReference; lastKnownFileType = sourcecode.swift; path = AppDelegate.swift; sourceTree = "<group>"; };
		563AFCA224FC316400EB6F53 /* Assets.xcassets */ = {isa = PBXFileReference; lastKnownFileType = folder.assetcatalog; path = Assets.xcassets; sourceTree = "<group>"; };
		563AFCA724FC316400EB6F53 /* Info.plist */ = {isa = PBXFileReference; lastKnownFileType = text.plist.xml; path = Info.plist; sourceTree = "<group>"; };
		563B688A2508FC0100E9B282 /* LaunchScreen.storyboard */ = {isa = PBXFileReference; lastKnownFileType = file.storyboard; path = LaunchScreen.storyboard; sourceTree = "<group>"; };
		563B68952508FCBF00E9B282 /* en */ = {isa = PBXFileReference; lastKnownFileType = text.plist.strings; name = en; path = en.lproj/Localizable.strings; sourceTree = "<group>"; };
		563B68972508FCC000E9B282 /* ru */ = {isa = PBXFileReference; lastKnownFileType = text.plist.strings; name = ru; path = ru.lproj/Localizable.strings; sourceTree = "<group>"; };
		563CB1932519C6B500857530 /* Reusable.swift */ = {isa = PBXFileReference; lastKnownFileType = sourcecode.swift; path = Reusable.swift; sourceTree = "<group>"; };
		563CB1952519C74E00857530 /* UITableView+Registration.swift */ = {isa = PBXFileReference; lastKnownFileType = sourcecode.swift; path = "UITableView+Registration.swift"; sourceTree = "<group>"; };
		563CB1982519C9CB00857530 /* EntryCell.swift */ = {isa = PBXFileReference; lastKnownFileType = sourcecode.swift; path = EntryCell.swift; sourceTree = "<group>"; };
		563CB19A2519CA0B00857530 /* NiblessTableViewCell.swift */ = {isa = PBXFileReference; lastKnownFileType = sourcecode.swift; path = NiblessTableViewCell.swift; sourceTree = "<group>"; };
		56404385251C622800689CFE /* Optional+CollectionConvenience.swift */ = {isa = PBXFileReference; lastKnownFileType = sourcecode.swift; path = "Optional+CollectionConvenience.swift"; sourceTree = "<group>"; };
		56404387251C655F00689CFE /* Constraint+Zeroing.swift */ = {isa = PBXFileReference; lastKnownFileType = sourcecode.swift; path = "Constraint+Zeroing.swift"; sourceTree = "<group>"; };
		564EF5822513233200BA84DA /* EntryListController.swift */ = {isa = PBXFileReference; lastKnownFileType = sourcecode.swift; path = EntryListController.swift; sourceTree = "<group>"; };
		564EF584251323B900BA84DA /* iOSAppState.swift */ = {isa = PBXFileReference; lastKnownFileType = sourcecode.swift; path = iOSAppState.swift; sourceTree = "<group>"; };
		564EF5862513242D00BA84DA /* EntryInfoDismissUseCase.swift */ = {isa = PBXFileReference; lastKnownFileType = sourcecode.swift; path = EntryInfoDismissUseCase.swift; sourceTree = "<group>"; };
		564EF5882513285F00BA84DA /* EntryListViewControllerState.swift */ = {isa = PBXFileReference; lastKnownFileType = sourcecode.swift; path = EntryListViewControllerState.swift; sourceTree = "<group>"; };
		564EF58A2513289100BA84DA /* iOSEntryInfoState.swift */ = {isa = PBXFileReference; lastKnownFileType = sourcecode.swift; path = iOSEntryInfoState.swift; sourceTree = "<group>"; };
		564EF58F2513292300BA84DA /* iOSTabBarState.swift */ = {isa = PBXFileReference; lastKnownFileType = sourcecode.swift; path = iOSTabBarState.swift; sourceTree = "<group>"; };
		56677FC425146481000C36BE /* EntryListViewControllerReducer.swift */ = {isa = PBXFileReference; lastKnownFileType = sourcecode.swift; path = EntryListViewControllerReducer.swift; sourceTree = "<group>"; };
		56677FC92514667C000C36BE /* Reducing.swift */ = {isa = PBXFileReference; lastKnownFileType = sourcecode.swift; path = Reducing.swift; sourceTree = "<group>"; };
		56677FCB251466FF000C36BE /* Defaultable.swift */ = {isa = PBXFileReference; lastKnownFileType = sourcecode.swift; path = Defaultable.swift; sourceTree = "<group>"; };
		5668F157251D96D20020FF06 /* ErrorResponder.swift */ = {isa = PBXFileReference; lastKnownFileType = sourcecode.swift; path = ErrorResponder.swift; sourceTree = "<group>"; };
		56696D7725138E8D0095B79C /* iOSEntryListState.swift */ = {isa = PBXFileReference; lastKnownFileType = sourcecode.swift; path = iOSEntryListState.swift; sourceTree = "<group>"; };
		566A4180251468BB0040F306 /* iOSEntryListReducer.swift */ = {isa = PBXFileReference; lastKnownFileType = sourcecode.swift; path = iOSEntryListReducer.swift; sourceTree = "<group>"; };
		566A4184251468FC0040F306 /* iOSTabBarReducer.swift */ = {isa = PBXFileReference; lastKnownFileType = sourcecode.swift; path = iOSTabBarReducer.swift; sourceTree = "<group>"; };
		566A41872514696F0040F306 /* iOSEntryInfoReducer.swift */ = {isa = PBXFileReference; lastKnownFileType = sourcecode.swift; path = iOSEntryInfoReducer.swift; sourceTree = "<group>"; };
		566A418C251469FB0040F306 /* iOSAppReducer.swift */ = {isa = PBXFileReference; lastKnownFileType = sourcecode.swift; path = iOSAppReducer.swift; sourceTree = "<group>"; };
		5671EB992520B29200778D76 /* Store+StateObservableFactoryMethod.swift */ = {isa = PBXFileReference; lastKnownFileType = sourcecode.swift; path = "Store+StateObservableFactoryMethod.swift"; sourceTree = "<group>"; };
		5671EB9F2520B53700778D76 /* TabBarDIContainer.swift */ = {isa = PBXFileReference; lastKnownFileType = sourcecode.swift; path = TabBarDIContainer.swift; sourceTree = "<group>"; };
		5671EBA42520B58900778D76 /* EntryInfoDIContainer.swift */ = {isa = PBXFileReference; lastKnownFileType = sourcecode.swift; path = EntryInfoDIContainer.swift; sourceTree = "<group>"; };
		5671EBA62520B97F00778D76 /* EntryListDIContainer.swift */ = {isa = PBXFileReference; lastKnownFileType = sourcecode.swift; path = EntryListDIContainer.swift; sourceTree = "<group>"; };
		5671EBA92520BB8E00778D76 /* EntryListRootDIContainer.swift */ = {isa = PBXFileReference; lastKnownFileType = sourcecode.swift; path = EntryListRootDIContainer.swift; sourceTree = "<group>"; };
		568D57C6251633CB00922A9A /* SubscriptionContainer.swift */ = {isa = PBXFileReference; lastKnownFileType = sourcecode.swift; path = SubscriptionContainer.swift; sourceTree = "<group>"; };
		568D57C82516398C00922A9A /* ObservingStopping.swift */ = {isa = PBXFileReference; lastKnownFileType = sourcecode.swift; path = ObservingStopping.swift; sourceTree = "<group>"; };
		568D57CE2517563F00922A9A /* InterruptibleObserver.swift */ = {isa = PBXFileReference; lastKnownFileType = sourcecode.swift; path = InterruptibleObserver.swift; sourceTree = "<group>"; };
		568D57D02517735900922A9A /* EntryError.swift */ = {isa = PBXFileReference; lastKnownFileType = sourcecode.swift; path = EntryError.swift; sourceTree = "<group>"; };
		56A19D202520706400A33C48 /* VoidResult.swift */ = {isa = PBXFileReference; lastKnownFileType = sourcecode.swift; path = VoidResult.swift; sourceTree = "<group>"; };
		56A19D222520793B00A33C48 /* EntryListNavigationController.swift */ = {isa = PBXFileReference; lastKnownFileType = sourcecode.swift; path = EntryListNavigationController.swift; sourceTree = "<group>"; };
		56A19D4C2520805A00A33C48 /* EditableTableViewDiffableDataSource.swift */ = {isa = PBXFileReference; lastKnownFileType = sourcecode.swift; path = EditableTableViewDiffableDataSource.swift; sourceTree = "<group>"; };
		56A19D4E2520933300A33C48 /* TabBarController.swift */ = {isa = PBXFileReference; lastKnownFileType = sourcecode.swift; path = TabBarController.swift; sourceTree = "<group>"; };
		56A19D50252095A100A33C48 /* TabBarObserver.swift */ = {isa = PBXFileReference; lastKnownFileType = sourcecode.swift; path = TabBarObserver.swift; sourceTree = "<group>"; };
		56AF87E3251A240700AF6733 /* EntryInfoController.swift */ = {isa = PBXFileReference; lastKnownFileType = sourcecode.swift; path = EntryInfoController.swift; sourceTree = "<group>"; };
		56AF87E6251A265F00AF6733 /* EntryInfoView.swift */ = {isa = PBXFileReference; lastKnownFileType = sourcecode.swift; path = EntryInfoView.swift; sourceTree = "<group>"; };
		56AF87E8251A272300AF6733 /* BaseViewController.swift */ = {isa = PBXFileReference; lastKnownFileType = sourcecode.swift; path = BaseViewController.swift; sourceTree = "<group>"; };
		56C9826025177FB800B014C6 /* Namespace.swift */ = {isa = PBXFileReference; lastKnownFileType = sourcecode.swift; path = Namespace.swift; sourceTree = "<group>"; };
		56C982642517844300B014C6 /* PresentationNamespace.swift */ = {isa = PBXFileReference; lastKnownFileType = sourcecode.swift; path = PresentationNamespace.swift; sourceTree = "<group>"; };
		56C98266251785F800B014C6 /* ActionsNamespace.swift */ = {isa = PBXFileReference; lastKnownFileType = sourcecode.swift; path = ActionsNamespace.swift; sourceTree = "<group>"; };
		56CAC56725147AAA006A7229 /* Observing.swift */ = {isa = PBXFileReference; lastKnownFileType = sourcecode.swift; path = Observing.swift; sourceTree = "<group>"; };
		56CAC56A25147FFC006A7229 /* Graph.swift */ = {isa = PBXFileReference; lastKnownFileType = sourcecode.swift; path = Graph.swift; sourceTree = "<group>"; };
		56CAC56D2514805E006A7229 /* Vertex.swift */ = {isa = PBXFileReference; lastKnownFileType = sourcecode.swift; path = Vertex.swift; sourceTree = "<group>"; };
		56CFB9912520D4AE00F3E04D /* ScopedState.swift */ = {isa = PBXFileReference; lastKnownFileType = sourcecode.swift; path = ScopedState.swift; sourceTree = "<group>"; };
		56CFB9932520D8A500F3E04D /* StoreSubscriberRxProxy.swift */ = {isa = PBXFileReference; lastKnownFileType = sourcecode.swift; path = StoreSubscriberRxProxy.swift; sourceTree = "<group>"; };
		56CFB9952520D8C700F3E04D /* ScopedStoreSubscriberRxProxy.swift */ = {isa = PBXFileReference; lastKnownFileType = sourcecode.swift; path = ScopedStoreSubscriberRxProxy.swift; sourceTree = "<group>"; };
		56DF7163251C879900C09A9E /* KeyboardUserInfo.swift */ = {isa = PBXFileReference; lastKnownFileType = sourcecode.swift; path = KeyboardUserInfo.swift; sourceTree = "<group>"; };
		56DF7166251CA11D00C09A9E /* KeyboardEventResponder.swift */ = {isa = PBXFileReference; lastKnownFileType = sourcecode.swift; path = KeyboardEventResponder.swift; sourceTree = "<group>"; };
		56DF7168251CA21B00C09A9E /* KeyboardObserver.swift */ = {isa = PBXFileReference; lastKnownFileType = sourcecode.swift; path = KeyboardObserver.swift; sourceTree = "<group>"; };
		56DF716A251CAD5800C09A9E /* Keyboard.swift */ = {isa = PBXFileReference; lastKnownFileType = sourcecode.swift; path = Keyboard.swift; sourceTree = "<group>"; };
		56DF716C251CB8BD00C09A9E /* Reactive+KeyboardUserInfo.swift */ = {isa = PBXFileReference; lastKnownFileType = sourcecode.swift; path = "Reactive+KeyboardUserInfo.swift"; sourceTree = "<group>"; };
		56DF7172251CCC4B00C09A9E /* KeyboardRendering.swift */ = {isa = PBXFileReference; lastKnownFileType = sourcecode.swift; path = KeyboardRendering.swift; sourceTree = "<group>"; };
		56E391252514E5100076CCC9 /* EntryListControllerObserver.swift */ = {isa = PBXFileReference; lastKnownFileType = sourcecode.swift; path = EntryListControllerObserver.swift; sourceTree = "<group>"; };
		56E3912B2516335E0076CCC9 /* BaseObserver.swift */ = {isa = PBXFileReference; lastKnownFileType = sourcecode.swift; path = BaseObserver.swift; sourceTree = "<group>"; };
		56F840EF25130CB90083E128 /* CanvasLayout.swift */ = {isa = PBXFileReference; fileEncoding = 4; lastKnownFileType = sourcecode.swift; path = CanvasLayout.swift; sourceTree = "<group>"; };
		56F840F025130CB90083E128 /* CanvasViewController.swift */ = {isa = PBXFileReference; fileEncoding = 4; lastKnownFileType = sourcecode.swift; path = CanvasViewController.swift; sourceTree = "<group>"; };
		56F840F125130CB90083E128 /* CanvasView.swift */ = {isa = PBXFileReference; fileEncoding = 4; lastKnownFileType = sourcecode.swift; path = CanvasView.swift; sourceTree = "<group>"; };
		56F840F225130CB90083E128 /* CanvasLayoutWrapperView.swift */ = {isa = PBXFileReference; fileEncoding = 4; lastKnownFileType = sourcecode.swift; path = CanvasLayoutWrapperView.swift; sourceTree = "<group>"; };
		56F840F825130CF20083E128 /* TypeAliases.swift */ = {isa = PBXFileReference; fileEncoding = 4; lastKnownFileType = sourcecode.swift; path = TypeAliases.swift; sourceTree = "<group>"; };
		56F840FB25130D310083E128 /* NiblessTableViewController.swift */ = {isa = PBXFileReference; fileEncoding = 4; lastKnownFileType = sourcecode.swift; path = NiblessTableViewController.swift; sourceTree = "<group>"; };
		56F840FC25130D310083E128 /* NiblessTabBarController.swift */ = {isa = PBXFileReference; fileEncoding = 4; lastKnownFileType = sourcecode.swift; path = NiblessTabBarController.swift; sourceTree = "<group>"; };
		56F840FD25130D310083E128 /* NiblessViewController.swift */ = {isa = PBXFileReference; fileEncoding = 4; lastKnownFileType = sourcecode.swift; path = NiblessViewController.swift; sourceTree = "<group>"; };
		56F840FE25130D310083E128 /* NiblessView.swift */ = {isa = PBXFileReference; fileEncoding = 4; lastKnownFileType = sourcecode.swift; path = NiblessView.swift; sourceTree = "<group>"; };
		56F840FF25130D310083E128 /* NiblessNavigationController.swift */ = {isa = PBXFileReference; fileEncoding = 4; lastKnownFileType = sourcecode.swift; path = NiblessNavigationController.swift; sourceTree = "<group>"; };
		7CE473D5CAD1AF35D49E5CC9 /* Pods-iLexi_iOS.release.xcconfig */ = {isa = PBXFileReference; includeInIndex = 1; lastKnownFileType = text.xcconfig; name = "Pods-iLexi_iOS.release.xcconfig"; path = "Target Support Files/Pods-iLexi_iOS/Pods-iLexi_iOS.release.xcconfig"; sourceTree = "<group>"; };
		87C50CF8EF7B9913CF1AA362 /* Pods-iLexi_iOS.debug.xcconfig */ = {isa = PBXFileReference; includeInIndex = 1; lastKnownFileType = text.xcconfig; name = "Pods-iLexi_iOS.debug.xcconfig"; path = "Target Support Files/Pods-iLexi_iOS/Pods-iLexi_iOS.debug.xcconfig"; sourceTree = "<group>"; };
		99A85F71F4A343A7B0419DAF /* Pods_iLexi_iOS.framework */ = {isa = PBXFileReference; explicitFileType = wrapper.framework; includeInIndex = 0; path = Pods_iLexi_iOS.framework; sourceTree = BUILT_PRODUCTS_DIR; };
/* End PBXFileReference section */

/* Begin PBXFrameworksBuildPhase section */
		563AFC9324FC316200EB6F53 /* Frameworks */ = {
			isa = PBXFrameworksBuildPhase;
			buildActionMask = 2147483647;
			files = (
				8CF8F6F2A953884F4A9E5A09 /* Pods_iLexi_iOS.framework in Frameworks */,
			);
			runOnlyForDeploymentPostprocessing = 0;
		};
/* End PBXFrameworksBuildPhase section */

/* Begin PBXGroup section */
		5613C5532517BC5500AAE6AE /* Extensions */ = {
			isa = PBXGroup;
			children = (
				56404384251C621600689CFE /* Optional */,
				5613C5542517BC5C00AAE6AE /* Rx */,
				5671EB982520B27C00778D76 /* Redux */,
			);
			path = Extensions;
			sourceTree = "<group>";
		};
		5613C5542517BC5C00AAE6AE /* Rx */ = {
			isa = PBXGroup;
			children = (
				5613C5552517BCA600AAE6AE /* Observable+OptionalUnwrapping.swift */,
			);
			path = Rx;
			sourceTree = "<group>";
		};
		5613C5572517C01A00AAE6AE /* Common */ = {
			isa = PBXGroup;
			children = (
				5668F155251D96AC0020FF06 /* Entries */,
				5668F156251D96BC0020FF06 /* Errors */,
				56DF7165251CA0C300C09A9E /* Keyboard */,
			);
			path = Common;
			sourceTree = "<group>";
		};
		5613C582251878D500AAE6AE /* Base */ = {
			isa = PBXGroup;
			children = (
				56A19D4A2520802900A33C48 /* Controller */,
				56A19D4B2520803300A33C48 /* UITableView */,
				56F840FA25130D1E0083E128 /* Nibless */,
				56F840EE25130C920083E128 /* Canvas */,
			);
			path = Base;
			sourceTree = "<group>";
		};
		5613C58825187DC900AAE6AE /* View */ = {
			isa = PBXGroup;
			children = (
				5613C58625187D5E00AAE6AE /* EntryListView.swift */,
				563CB1972519C8D900857530 /* Cells */,
			);
			path = View;
			sourceTree = "<group>";
		};
		561B69D42518A62900F92261 /* Controllers */ = {
			isa = PBXGroup;
			children = (
				56F840FD25130D310083E128 /* NiblessViewController.swift */,
				56F840FC25130D310083E128 /* NiblessTabBarController.swift */,
				56F840FF25130D310083E128 /* NiblessNavigationController.swift */,
				56F840FB25130D310083E128 /* NiblessTableViewController.swift */,
			);
			path = Controllers;
			sourceTree = "<group>";
		};
		561B69D52518A62D00F92261 /* Views */ = {
			isa = PBXGroup;
			children = (
				56F840FE25130D310083E128 /* NiblessView.swift */,
				563CB19A2519CA0B00857530 /* NiblessTableViewCell.swift */,
				561B69D22518A62400F92261 /* NiblessTableView.swift */,
			);
			path = Views;
			sourceTree = "<group>";
		};
		5625EC612511041100C02ED8 /* Entities */ = {
			isa = PBXGroup;
			children = (
				56C9826025177FB800B014C6 /* Namespace.swift */,
				56385C722511F8700099D9CC /* Entities.swift */,
				5625ECA62511D86D00C02ED8 /* Entry */,
				56CAC56925147FE1006A7229 /* Graph */,
				56A19D1F2520704900A33C48 /* Result */,
			);
			path = Entities;
			sourceTree = "<group>";
		};
		5625EC64251105F800C02ED8 /* UserInterface_iOS */ = {
			isa = PBXGroup;
			children = (
				5625EC6D25110A7C00C02ED8 /* TabBar */,
				5625ECAA2511E56000C02ED8 /* EntryInfo */,
			);
			path = UserInterface_iOS;
			sourceTree = "<group>";
		};
		5625EC662511067000C02ED8 /* Domain */ = {
			isa = PBXGroup;
			children = (
				5625EC612511041100C02ED8 /* Entities */,
				5625EC7525110F8F00C02ED8 /* Actions */,
				5625EC682511076500C02ED8 /* UseCases */,
			);
			path = Domain;
			sourceTree = "<group>";
		};
		5625EC672511067F00C02ED8 /* Presentation */ = {
			isa = PBXGroup;
			children = (
				56F840ED25130C790083E128 /* UserInterface_Common */,
				5625EC64251105F800C02ED8 /* UserInterface_iOS */,
				5625EC782511107B00C02ED8 /* Observers */,
				5625EC772511106700C02ED8 /* Reducers */,
				5625EC762511106200C02ED8 /* State */,
			);
			path = Presentation;
			sourceTree = "<group>";
		};
		5625EC682511076500C02ED8 /* UseCases */ = {
			isa = PBXGroup;
			children = (
				561B69CC2518871F00F92261 /* UseCasesNamespace.swift */,
				56385C7B251200D90099D9CC /* EntryList */,
				56385C91251224160099D9CC /* EntryInfo */,
				56385C88251220110099D9CC /* Base */,
				56385C7F251201A00099D9CC /* Interfaces */,
			);
			path = UseCases;
			sourceTree = "<group>";
		};
		5625EC6D25110A7C00C02ED8 /* TabBar */ = {
			isa = PBXGroup;
			children = (
				56A19D4E2520933300A33C48 /* TabBarController.swift */,
				5625ECA72511E3A900C02ED8 /* EntryList */,
			);
			path = TabBar;
			sourceTree = "<group>";
		};
		5625EC7525110F8F00C02ED8 /* Actions */ = {
			isa = PBXGroup;
			children = (
				56C98266251785F800B014C6 /* ActionsNamespace.swift */,
				56385C9A251249D00099D9CC /* EntryListActions.swift */,
				56385C9C251249EB0099D9CC /* EntryInfoActions.swift */,
			);
			path = Actions;
			sourceTree = "<group>";
		};
		5625EC762511106200C02ED8 /* State */ = {
			isa = PBXGroup;
			children = (
				56696D9525139B6D0095B79C /* iOSApp */,
				56CFB9902520D49A00F3E04D /* Common */,
				56677FCE25146728000C36BE /* Interfaces */,
			);
			path = State;
			sourceTree = "<group>";
		};
		5625EC772511106700C02ED8 /* Reducers */ = {
			isa = PBXGroup;
			children = (
				566A418B251469EA0040F306 /* iOSApp */,
				56677FCD25146716000C36BE /* Interfaces */,
			);
			path = Reducers;
			sourceTree = "<group>";
		};
		5625EC782511107B00C02ED8 /* Observers */ = {
			isa = PBXGroup;
			children = (
				5625EC982511184900C02ED8 /* TabBar */,
				5625ECAD2511E5AE00C02ED8 /* EntryInfo */,
				5613C5572517C01A00AAE6AE /* Common */,
				56E3912A251633500076CCC9 /* Base */,
				56CAC56625147A81006A7229 /* Interfaces */,
			);
			path = Observers;
			sourceTree = "<group>";
		};
		5625EC7E2511135500C02ED8 /* DIContainer */ = {
			isa = PBXGroup;
			children = (
				56105647251DA7CC0082E573 /* DIContainer.swift */,
				5671EB9B2520B51200778D76 /* TabBar */,
				5671EB9E2520B52600778D76 /* EntryInfo */,
			);
			path = DIContainer;
			sourceTree = "<group>";
		};
		5625EC86251116BE00C02ED8 /* TabBar */ = {
			isa = PBXGroup;
			children = (
				564EF58F2513292300BA84DA /* iOSTabBarState.swift */,
				5625EC8B2511172500C02ED8 /* EntryList */,
			);
			path = TabBar;
			sourceTree = "<group>";
		};
		5625EC8B2511172500C02ED8 /* EntryList */ = {
			isa = PBXGroup;
			children = (
				56696D7725138E8D0095B79C /* iOSEntryListState.swift */,
				5625EC8D2511173D00C02ED8 /* Root */,
			);
			path = EntryList;
			sourceTree = "<group>";
		};
		5625EC8D2511173D00C02ED8 /* Root */ = {
			isa = PBXGroup;
			children = (
				564EF5882513285F00BA84DA /* EntryListViewControllerState.swift */,
			);
			path = Root;
			sourceTree = "<group>";
		};
		5625EC8F2511177600C02ED8 /* TabBar */ = {
			isa = PBXGroup;
			children = (
				566A4184251468FC0040F306 /* iOSTabBarReducer.swift */,
				5625EC912511177D00C02ED8 /* EntryList */,
			);
			path = TabBar;
			sourceTree = "<group>";
		};
		5625EC912511177D00C02ED8 /* EntryList */ = {
			isa = PBXGroup;
			children = (
				566A4180251468BB0040F306 /* iOSEntryListReducer.swift */,
				5625EC932511178500C02ED8 /* Root */,
			);
			path = EntryList;
			sourceTree = "<group>";
		};
		5625EC932511178500C02ED8 /* Root */ = {
			isa = PBXGroup;
			children = (
				56677FC425146481000C36BE /* EntryListViewControllerReducer.swift */,
			);
			path = Root;
			sourceTree = "<group>";
		};
		5625EC982511184900C02ED8 /* TabBar */ = {
			isa = PBXGroup;
			children = (
				56A19D50252095A100A33C48 /* TabBarObserver.swift */,
				5625EC9A2511185900C02ED8 /* EntryList */,
			);
			path = TabBar;
			sourceTree = "<group>";
		};
		5625EC9A2511185900C02ED8 /* EntryList */ = {
			isa = PBXGroup;
			children = (
				5625EC9C2511186900C02ED8 /* Root */,
			);
			path = EntryList;
			sourceTree = "<group>";
		};
		5625EC9C2511186900C02ED8 /* Root */ = {
			isa = PBXGroup;
			children = (
				56E391252514E5100076CCC9 /* EntryListControllerObserver.swift */,
			);
			path = Root;
			sourceTree = "<group>";
		};
		5625ECA62511D86D00C02ED8 /* Entry */ = {
			isa = PBXGroup;
			children = (
				56385C752511F95E0099D9CC /* Entry.swift */,
			);
			path = Entry;
			sourceTree = "<group>";
		};
		5625ECA72511E3A900C02ED8 /* EntryList */ = {
			isa = PBXGroup;
			children = (
				56A19D222520793B00A33C48 /* EntryListNavigationController.swift */,
				5625ECA92511E3BC00C02ED8 /* Root */,
			);
			path = EntryList;
			sourceTree = "<group>";
		};
		5625ECA92511E3BC00C02ED8 /* Root */ = {
			isa = PBXGroup;
			children = (
				564EF5822513233200BA84DA /* EntryListController.swift */,
				5613C58825187DC900AAE6AE /* View */,
			);
			path = Root;
			sourceTree = "<group>";
		};
		5625ECAA2511E56000C02ED8 /* EntryInfo */ = {
			isa = PBXGroup;
			children = (
				56AF87E3251A240700AF6733 /* EntryInfoController.swift */,
				56AF87E5251A241200AF6733 /* View */,
			);
			path = EntryInfo;
			sourceTree = "<group>";
		};
		5625ECAB2511E58500C02ED8 /* EntryInfo */ = {
			isa = PBXGroup;
			children = (
				566A41872514696F0040F306 /* iOSEntryInfoReducer.swift */,
			);
			path = EntryInfo;
			sourceTree = "<group>";
		};
		5625ECAC2511E59F00C02ED8 /* EntryInfo */ = {
			isa = PBXGroup;
			children = (
				564EF58A2513289100BA84DA /* iOSEntryInfoState.swift */,
			);
			path = EntryInfo;
			sourceTree = "<group>";
		};
		5625ECAD2511E5AE00C02ED8 /* EntryInfo */ = {
			isa = PBXGroup;
			children = (
				5613C54D2517B9D100AAE6AE /* EntryInfoControllerObserver.swift */,
			);
			path = EntryInfo;
			sourceTree = "<group>";
		};
		562FB59725131B3F00C73142 /* Generated */ = {
			isa = PBXGroup;
			children = (
				562FB59925131B7700C73142 /* L10n.swift */,
				562FB59B25131B8000C73142 /* Assets.swift */,
			);
			path = Generated;
			sourceTree = "<group>";
		};
		56385C7A251200640099D9CC /* Models */ = {
			isa = PBXGroup;
			children = (
				56C982642517844300B014C6 /* PresentationNamespace.swift */,
				568D57D22517757600922A9A /* Entry */,
			);
			path = Models;
			sourceTree = "<group>";
		};
		56385C7B251200D90099D9CC /* EntryList */ = {
			isa = PBXGroup;
			children = (
				56385C8225121E920099D9CC /* EntryListUseCases.swift */,
				56385C8625121F9E0099D9CC /* EntryListGoToEntryInfoUseCase.swift */,
				56385C8F251223320099D9CC /* EntryListRemoveEntryUseCase.swift */,
			);
			path = EntryList;
			sourceTree = "<group>";
		};
		56385C7F251201A00099D9CC /* Interfaces */ = {
			isa = PBXGroup;
			children = (
				56385C6E2511F7E60099D9CC /* Executable.swift */,
				56385C7D2512010B0099D9CC /* Dispatching.swift */,
			);
			path = Interfaces;
			sourceTree = "<group>";
		};
		56385C88251220110099D9CC /* Base */ = {
			isa = PBXGroup;
			children = (
				56385C8C2512216A0099D9CC /* BaseUseCase.swift */,
				56385C892512201E0099D9CC /* Dispatcher.swift */,
			);
			path = Base;
			sourceTree = "<group>";
		};
		56385C91251224160099D9CC /* EntryInfo */ = {
			isa = PBXGroup;
			children = (
				56385C92251224360099D9CC /* EntryInfoUseCases.swift */,
				56385C94251226910099D9CC /* EntryInfoAddEntryUseCase.swift */,
				564EF5862513242D00BA84DA /* EntryInfoDismissUseCase.swift */,
			);
			path = EntryInfo;
			sourceTree = "<group>";
		};
		563AFC8D24FC316200EB6F53 = {
			isa = PBXGroup;
			children = (
				563AFC9824FC316200EB6F53 /* iLexi_iOS */,
				5625EC672511067F00C02ED8 /* Presentation */,
				5625EC662511067000C02ED8 /* Domain */,
				56F840F725130CDF0083E128 /* Common */,
				563AFC9724FC316200EB6F53 /* Products */,
				DDFD32316CB9E444F9E2EC12 /* Pods */,
				7856CCE145B3B673487D6911 /* Frameworks */,
			);
			sourceTree = "<group>";
		};
		563AFC9724FC316200EB6F53 /* Products */ = {
			isa = PBXGroup;
			children = (
				563AFC9624FC316200EB6F53 /* iLexi.app */,
			);
			name = Products;
			sourceTree = "<group>";
		};
		563AFC9824FC316200EB6F53 /* iLexi_iOS */ = {
			isa = PBXGroup;
			children = (
				563AFC9924FC316200EB6F53 /* AppDelegate.swift */,
				563B688A2508FC0100E9B282 /* LaunchScreen.storyboard */,
				563AFCA724FC316400EB6F53 /* Info.plist */,
				5625EC7E2511135500C02ED8 /* DIContainer */,
			);
			path = iLexi_iOS;
			sourceTree = "<group>";
		};
		563CB1672519B91D00857530 /* Interfaces */ = {
			isa = PBXGroup;
			children = (
				563CB1932519C6B500857530 /* Reusable.swift */,
			);
			path = Interfaces;
			sourceTree = "<group>";
		};
		563CB1682519B92B00857530 /* Extensions */ = {
			isa = PBXGroup;
			children = (
				563CB1952519C74E00857530 /* UITableView+Registration.swift */,
				56167757251C4DCA0022E0F4 /* ActionTargetToClosureConversion.swift */,
				56404387251C655F00689CFE /* Constraint+Zeroing.swift */,
			);
			path = Extensions;
			sourceTree = "<group>";
		};
		563CB1972519C8D900857530 /* Cells */ = {
			isa = PBXGroup;
			children = (
				563CB1982519C9CB00857530 /* EntryCell.swift */,
			);
			path = Cells;
			sourceTree = "<group>";
		};
		56404384251C621600689CFE /* Optional */ = {
			isa = PBXGroup;
			children = (
				56404385251C622800689CFE /* Optional+CollectionConvenience.swift */,
			);
			path = Optional;
			sourceTree = "<group>";
		};
		56677FCD25146716000C36BE /* Interfaces */ = {
			isa = PBXGroup;
			children = (
				56677FC92514667C000C36BE /* Reducing.swift */,
			);
			path = Interfaces;
			sourceTree = "<group>";
		};
		56677FCE25146728000C36BE /* Interfaces */ = {
			isa = PBXGroup;
			children = (
				56677FCB251466FF000C36BE /* Defaultable.swift */,
			);
			path = Interfaces;
			sourceTree = "<group>";
		};
		5668F155251D96AC0020FF06 /* Entries */ = {
			isa = PBXGroup;
			children = (
				5613C5582517C03000AAE6AE /* EntriesObserver.swift */,
			);
			path = Entries;
			sourceTree = "<group>";
		};
		5668F156251D96BC0020FF06 /* Errors */ = {
			isa = PBXGroup;
			children = (
				5668F157251D96D20020FF06 /* ErrorResponder.swift */,
			);
			path = Errors;
			sourceTree = "<group>";
		};
		56696D9525139B6D0095B79C /* iOSApp */ = {
			isa = PBXGroup;
			children = (
				564EF584251323B900BA84DA /* iOSAppState.swift */,
				5625EC86251116BE00C02ED8 /* TabBar */,
				5625ECAC2511E59F00C02ED8 /* EntryInfo */,
			);
			path = iOSApp;
			sourceTree = "<group>";
		};
		566A418B251469EA0040F306 /* iOSApp */ = {
			isa = PBXGroup;
			children = (
				566A418C251469FB0040F306 /* iOSAppReducer.swift */,
				5625EC8F2511177600C02ED8 /* TabBar */,
				5625ECAB2511E58500C02ED8 /* EntryInfo */,
			);
			path = iOSApp;
			sourceTree = "<group>";
		};
		5671EB982520B27C00778D76 /* Redux */ = {
			isa = PBXGroup;
			children = (
				5671EB992520B29200778D76 /* Store+StateObservableFactoryMethod.swift */,
			);
			path = Redux;
			sourceTree = "<group>";
		};
		5671EB9B2520B51200778D76 /* TabBar */ = {
			isa = PBXGroup;
			children = (
				5671EB9F2520B53700778D76 /* TabBarDIContainer.swift */,
				5671EB9C2520B51700778D76 /* EntryList */,
			);
			path = TabBar;
			sourceTree = "<group>";
		};
		5671EB9C2520B51700778D76 /* EntryList */ = {
			isa = PBXGroup;
			children = (
				5671EBA62520B97F00778D76 /* EntryListDIContainer.swift */,
				5671EBA82520BB8000778D76 /* Root */,
			);
			path = EntryList;
			sourceTree = "<group>";
		};
		5671EB9E2520B52600778D76 /* EntryInfo */ = {
			isa = PBXGroup;
			children = (
				5671EBA42520B58900778D76 /* EntryInfoDIContainer.swift */,
			);
			path = EntryInfo;
			sourceTree = "<group>";
		};
		5671EBA82520BB8000778D76 /* Root */ = {
			isa = PBXGroup;
			children = (
				5671EBA92520BB8E00778D76 /* EntryListRootDIContainer.swift */,
			);
			path = Root;
			sourceTree = "<group>";
		};
		568D57D22517757600922A9A /* Entry */ = {
			isa = PBXGroup;
			children = (
				568D57D02517735900922A9A /* EntryError.swift */,
			);
			path = Entry;
			sourceTree = "<group>";
		};
		56A19D1F2520704900A33C48 /* Result */ = {
			isa = PBXGroup;
			children = (
				56A19D202520706400A33C48 /* VoidResult.swift */,
			);
			path = Result;
			sourceTree = "<group>";
		};
		56A19D4A2520802900A33C48 /* Controller */ = {
			isa = PBXGroup;
			children = (
				56AF87E8251A272300AF6733 /* BaseViewController.swift */,
				5613C5832518790200AAE6AE /* BaseTableViewController.swift */,
			);
			path = Controller;
			sourceTree = "<group>";
		};
		56A19D4B2520803300A33C48 /* UITableView */ = {
			isa = PBXGroup;
			children = (
				56A19D4C2520805A00A33C48 /* EditableTableViewDiffableDataSource.swift */,
			);
			path = UITableView;
			sourceTree = "<group>";
		};
		56AF87E5251A241200AF6733 /* View */ = {
			isa = PBXGroup;
			children = (
				56AF87E6251A265F00AF6733 /* EntryInfoView.swift */,
			);
			path = View;
			sourceTree = "<group>";
		};
		56CAC56625147A81006A7229 /* Interfaces */ = {
			isa = PBXGroup;
			children = (
				56CAC56725147AAA006A7229 /* Observing.swift */,
				568D57C82516398C00922A9A /* ObservingStopping.swift */,
			);
			path = Interfaces;
			sourceTree = "<group>";
		};
		56CAC56925147FE1006A7229 /* Graph */ = {
			isa = PBXGroup;
			children = (
				56CAC56A25147FFC006A7229 /* Graph.swift */,
				56CAC56C2514803A006A7229 /* Vertex */,
			);
			path = Graph;
			sourceTree = "<group>";
		};
		56CAC56C2514803A006A7229 /* Vertex */ = {
			isa = PBXGroup;
			children = (
				56CAC56D2514805E006A7229 /* Vertex.swift */,
			);
			path = Vertex;
			sourceTree = "<group>";
		};
		56CFB9902520D49A00F3E04D /* Common */ = {
			isa = PBXGroup;
			children = (
				56CFB9912520D4AE00F3E04D /* ScopedState.swift */,
			);
			path = Common;
			sourceTree = "<group>";
		};
		56CFB9972520D94800F3E04D /* Base */ = {
			isa = PBXGroup;
			children = (
				56CFB9982520D94F00F3E04D /* Redux */,
			);
			path = Base;
			sourceTree = "<group>";
		};
		56CFB9982520D94F00F3E04D /* Redux */ = {
			isa = PBXGroup;
			children = (
				56CFB9932520D8A500F3E04D /* StoreSubscriberRxProxy.swift */,
				56CFB9952520D8C700F3E04D /* ScopedStoreSubscriberRxProxy.swift */,
			);
			path = Redux;
			sourceTree = "<group>";
		};
		56DF7165251CA0C300C09A9E /* Keyboard */ = {
			isa = PBXGroup;
			children = (
				56DF716A251CAD5800C09A9E /* Keyboard.swift */,
				56DF7163251C879900C09A9E /* KeyboardUserInfo.swift */,
				56DF7166251CA11D00C09A9E /* KeyboardEventResponder.swift */,
				56DF7172251CCC4B00C09A9E /* KeyboardRendering.swift */,
				56DF7168251CA21B00C09A9E /* KeyboardObserver.swift */,
				56DF716C251CB8BD00C09A9E /* Reactive+KeyboardUserInfo.swift */,
			);
			path = Keyboard;
			sourceTree = "<group>";
		};
		56E3912A251633500076CCC9 /* Base */ = {
			isa = PBXGroup;
			children = (
				56E3912B2516335E0076CCC9 /* BaseObserver.swift */,
				568D57CE2517563F00922A9A /* InterruptibleObserver.swift */,
				568D57C6251633CB00922A9A /* SubscriptionContainer.swift */,
			);
			path = Base;
			sourceTree = "<group>";
		};
		56F840ED25130C790083E128 /* UserInterface_Common */ = {
			isa = PBXGroup;
			children = (
				563B68962508FCBF00E9B282 /* Localizable.strings */,
				563AFCA224FC316400EB6F53 /* Assets.xcassets */,
				562FB59725131B3F00C73142 /* Generated */,
				5613C582251878D500AAE6AE /* Base */,
				56385C7A251200640099D9CC /* Models */,
				563CB1672519B91D00857530 /* Interfaces */,
				563CB1682519B92B00857530 /* Extensions */,
			);
			path = UserInterface_Common;
			sourceTree = "<group>";
		};
		56F840EE25130C920083E128 /* Canvas */ = {
			isa = PBXGroup;
			children = (
				56F840EF25130CB90083E128 /* CanvasLayout.swift */,
				56F840F225130CB90083E128 /* CanvasLayoutWrapperView.swift */,
				56F840F125130CB90083E128 /* CanvasView.swift */,
				56F840F025130CB90083E128 /* CanvasViewController.swift */,
			);
			path = Canvas;
			sourceTree = "<group>";
		};
		56F840F725130CDF0083E128 /* Common */ = {
			isa = PBXGroup;
			children = (
				56F840F825130CF20083E128 /* TypeAliases.swift */,
				56CFB9972520D94800F3E04D /* Base */,
				5613C5532517BC5500AAE6AE /* Extensions */,
			);
			path = Common;
			sourceTree = "<group>";
		};
		56F840FA25130D1E0083E128 /* Nibless */ = {
			isa = PBXGroup;
			children = (
				561B69D42518A62900F92261 /* Controllers */,
				561B69D52518A62D00F92261 /* Views */,
			);
			path = Nibless;
			sourceTree = "<group>";
		};
		7856CCE145B3B673487D6911 /* Frameworks */ = {
			isa = PBXGroup;
			children = (
				99A85F71F4A343A7B0419DAF /* Pods_iLexi_iOS.framework */,
			);
			name = Frameworks;
			sourceTree = "<group>";
		};
		DDFD32316CB9E444F9E2EC12 /* Pods */ = {
			isa = PBXGroup;
			children = (
				87C50CF8EF7B9913CF1AA362 /* Pods-iLexi_iOS.debug.xcconfig */,
				7CE473D5CAD1AF35D49E5CC9 /* Pods-iLexi_iOS.release.xcconfig */,
			);
			path = Pods;
			sourceTree = "<group>";
		};
/* End PBXGroup section */

/* Begin PBXNativeTarget section */
		563AFC9524FC316200EB6F53 /* iLexi_iOS */ = {
			isa = PBXNativeTarget;
			buildConfigurationList = 563AFCC024FC316400EB6F53 /* Build configuration list for PBXNativeTarget "iLexi_iOS" */;
			buildPhases = (
				B482D596ABDB17F2BBE9C326 /* [CP] Check Pods Manifest.lock */,
				563AFC9224FC316200EB6F53 /* Sources */,
				563AFC9324FC316200EB6F53 /* Frameworks */,
				563AFC9424FC316200EB6F53 /* Resources */,
				0022434D1FCE833E0E85F264 /* [CP] Embed Pods Frameworks */,
				563AFD1424FD2D1000EB6F53 /* Copy Frameworks */,
				563B68752508007D00E9B282 /* SwiftLint */,
				563B68762508046A00E9B282 /* CPD */,
				56C36B4B2513205300EC6D3F /* SwiftGen */,
			);
			buildRules = (
			);
			dependencies = (
			);
			name = iLexi_iOS;
			productName = iLexi;
			productReference = 563AFC9624FC316200EB6F53 /* iLexi.app */;
			productType = "com.apple.product-type.application";
		};
/* End PBXNativeTarget section */

/* Begin PBXProject section */
		563AFC8E24FC316200EB6F53 /* Project object */ = {
			isa = PBXProject;
			attributes = {
				LastSwiftUpdateCheck = 1160;
				LastUpgradeCheck = 1200;
				ORGANIZATIONNAME = "Napoleon IT";
				TargetAttributes = {
					563AFC9524FC316200EB6F53 = {
						CreatedOnToolsVersion = 11.6;
					};
				};
			};
			buildConfigurationList = 563AFC9124FC316200EB6F53 /* Build configuration list for PBXProject "iLexi" */;
			compatibilityVersion = "Xcode 9.3";
			developmentRegion = en;
			hasScannedForEncodings = 0;
			knownRegions = (
				en,
				ru,
				Base,
			);
			mainGroup = 563AFC8D24FC316200EB6F53;
			productRefGroup = 563AFC9724FC316200EB6F53 /* Products */;
			projectDirPath = "";
			projectRoot = "";
			targets = (
				563AFC9524FC316200EB6F53 /* iLexi_iOS */,
			);
		};
/* End PBXProject section */

/* Begin PBXResourcesBuildPhase section */
		563AFC9424FC316200EB6F53 /* Resources */ = {
			isa = PBXResourcesBuildPhase;
			buildActionMask = 2147483647;
			files = (
				563AFCA324FC316400EB6F53 /* Assets.xcassets in Resources */,
				563B68942508FCBF00E9B282 /* Localizable.strings in Resources */,
				563B688B2508FC0100E9B282 /* LaunchScreen.storyboard in Resources */,
			);
			runOnlyForDeploymentPostprocessing = 0;
		};
/* End PBXResourcesBuildPhase section */

/* Begin PBXShellScriptBuildPhase section */
		0022434D1FCE833E0E85F264 /* [CP] Embed Pods Frameworks */ = {
			isa = PBXShellScriptBuildPhase;
			buildActionMask = 2147483647;
			files = (
			);
			inputFileListPaths = (
				"${PODS_ROOT}/Target Support Files/Pods-iLexi_iOS/Pods-iLexi_iOS-frameworks-${CONFIGURATION}-input-files.xcfilelist",
			);
			name = "[CP] Embed Pods Frameworks";
			outputFileListPaths = (
				"${PODS_ROOT}/Target Support Files/Pods-iLexi_iOS/Pods-iLexi_iOS-frameworks-${CONFIGURATION}-output-files.xcfilelist",
			);
			runOnlyForDeploymentPostprocessing = 0;
			shellPath = /bin/sh;
			shellScript = "\"${PODS_ROOT}/Target Support Files/Pods-iLexi_iOS/Pods-iLexi_iOS-frameworks.sh\"\n";
			showEnvVarsInLog = 0;
		};
		563B68752508007D00E9B282 /* SwiftLint */ = {
			isa = PBXShellScriptBuildPhase;
			buildActionMask = 2147483647;
			files = (
			);
			inputFileListPaths = (
			);
			inputPaths = (
			);
			name = SwiftLint;
			outputFileListPaths = (
			);
			outputPaths = (
			);
			runOnlyForDeploymentPostprocessing = 0;
			shellPath = /bin/sh;
			shellScript = "if [ \"${CONFIGURATION}\" = \"Debug\" ]; then\n    if which swiftlint >/dev/null; then\n      swiftlint\n    else\n      echo \"warning: SwiftLint not installed, download from https://github.com/realm/SwiftLint\"\n    fi\nfi\n";
		};
		563B68762508046A00E9B282 /* CPD */ = {
			isa = PBXShellScriptBuildPhase;
			buildActionMask = 2147483647;
			files = (
			);
			inputFileListPaths = (
			);
			inputPaths = (
			);
			name = CPD;
			outputFileListPaths = (
			);
			outputPaths = (
			);
			runOnlyForDeploymentPostprocessing = 0;
			shellPath = /bin/sh;
			shellScript = "if [ \"${CONFIGURATION}\" = \"Debug\" ]; then\n    # Running CPD\n    pmd cpd --files ${EXECUTABLE_NAME} --minimum-tokens 50 --language swift --encoding UTF-8 --format net.sourceforge.pmd.cpd.XMLRenderer > cpd-output.xml --failOnViolation true\n    # Running script\n    php ./cpd_script.php -cpd-xml cpd-output.xml\nfi\n";
		};
		56C36B4B2513205300EC6D3F /* SwiftGen */ = {
			isa = PBXShellScriptBuildPhase;
			buildActionMask = 2147483647;
			files = (
			);
			inputFileListPaths = (
			);
			inputPaths = (
			);
			name = SwiftGen;
			outputFileListPaths = (
			);
			outputPaths = (
			);
			runOnlyForDeploymentPostprocessing = 0;
			shellPath = /bin/sh;
			shellScript = "if [ \"${CONFIGURATION}\" = \"Debug\" ]; then\n    if which swiftgen >/dev/null; then\n      swiftgen\n    else\n      echo \"warning: SwiftGen not installed, download from https://github.com/SwiftGen/SwiftGen\"\n    fi\nfi\n";
		};
		B482D596ABDB17F2BBE9C326 /* [CP] Check Pods Manifest.lock */ = {
			isa = PBXShellScriptBuildPhase;
			buildActionMask = 2147483647;
			files = (
			);
			inputFileListPaths = (
			);
			inputPaths = (
				"${PODS_PODFILE_DIR_PATH}/Podfile.lock",
				"${PODS_ROOT}/Manifest.lock",
			);
			name = "[CP] Check Pods Manifest.lock";
			outputFileListPaths = (
			);
			outputPaths = (
				"$(DERIVED_FILE_DIR)/Pods-iLexi_iOS-checkManifestLockResult.txt",
			);
			runOnlyForDeploymentPostprocessing = 0;
			shellPath = /bin/sh;
			shellScript = "diff \"${PODS_PODFILE_DIR_PATH}/Podfile.lock\" \"${PODS_ROOT}/Manifest.lock\" > /dev/null\nif [ $? != 0 ] ; then\n    # print error to STDERR\n    echo \"error: The sandbox is not in sync with the Podfile.lock. Run 'pod install' or update your CocoaPods installation.\" >&2\n    exit 1\nfi\n# This output is used by Xcode 'outputs' to avoid re-running this script phase.\necho \"SUCCESS\" > \"${SCRIPT_OUTPUT_FILE_0}\"\n";
			showEnvVarsInLog = 0;
		};
/* End PBXShellScriptBuildPhase section */

/* Begin PBXSourcesBuildPhase section */
		563AFC9224FC316200EB6F53 /* Sources */ = {
			isa = PBXSourcesBuildPhase;
			buildActionMask = 2147483647;
			files = (
				56F840F625130CB90083E128 /* CanvasLayoutWrapperView.swift in Sources */,
				56385C9B251249D00099D9CC /* EntryListActions.swift in Sources */,
				56CAC56E2514805E006A7229 /* Vertex.swift in Sources */,
				56677FC525146481000C36BE /* EntryListViewControllerReducer.swift in Sources */,
				561B69CD2518871F00F92261 /* UseCasesNamespace.swift in Sources */,
				56AF87E9251A272300AF6733 /* BaseViewController.swift in Sources */,
				568D57D12517735900922A9A /* EntryError.swift in Sources */,
				56385C8A2512201E0099D9CC /* Dispatcher.swift in Sources */,
				56F8410225130D310083E128 /* NiblessViewController.swift in Sources */,
				56385C762511F95E0099D9CC /* Entry.swift in Sources */,
				568D57CF2517563F00922A9A /* InterruptibleObserver.swift in Sources */,
				56A19D212520706400A33C48 /* VoidResult.swift in Sources */,
				5613C54E2517B9D100AAE6AE /* EntryInfoControllerObserver.swift in Sources */,
				561B69D32518A62400F92261 /* NiblessTableView.swift in Sources */,
				563CB1942519C6B500857530 /* Reusable.swift in Sources */,
				56385C93251224360099D9CC /* EntryInfoUseCases.swift in Sources */,
				563CB19B2519CA0B00857530 /* NiblessTableViewCell.swift in Sources */,
				5668F158251D96D20020FF06 /* ErrorResponder.swift in Sources */,
				56AF87E7251A265F00AF6733 /* EntryInfoView.swift in Sources */,
				56F840F325130CB90083E128 /* CanvasLayout.swift in Sources */,
				5671EBAA2520BB8E00778D76 /* EntryListRootDIContainer.swift in Sources */,
				56DF716D251CB8BD00C09A9E /* Reactive+KeyboardUserInfo.swift in Sources */,
				56677FCA2514667C000C36BE /* Reducing.swift in Sources */,
				562FB59C25131B8000C73142 /* Assets.swift in Sources */,
				563CB1962519C74E00857530 /* UITableView+Registration.swift in Sources */,
				56F8410425130D310083E128 /* NiblessNavigationController.swift in Sources */,
				56385C7E2512010B0099D9CC /* Dispatching.swift in Sources */,
				56F840F925130CF20083E128 /* TypeAliases.swift in Sources */,
				56DF7164251C879900C09A9E /* KeyboardUserInfo.swift in Sources */,
				56F840F525130CB90083E128 /* CanvasView.swift in Sources */,
				56F840F425130CB90083E128 /* CanvasViewController.swift in Sources */,
				56F8410025130D310083E128 /* NiblessTableViewController.swift in Sources */,
				5671EBA72520B97F00778D76 /* EntryListDIContainer.swift in Sources */,
				56C982652517844300B014C6 /* PresentationNamespace.swift in Sources */,
				5613C5562517BCA600AAE6AE /* Observable+OptionalUnwrapping.swift in Sources */,
				56DF716B251CAD5800C09A9E /* Keyboard.swift in Sources */,
				56A19D232520793B00A33C48 /* EntryListNavigationController.swift in Sources */,
				568D57C92516398C00922A9A /* ObservingStopping.swift in Sources */,
				562FB59A25131B7700C73142 /* L10n.swift in Sources */,
				56C9826125177FB800B014C6 /* Namespace.swift in Sources */,
				56CAC56825147AAA006A7229 /* Observing.swift in Sources */,
				564EF5892513285F00BA84DA /* EntryListViewControllerState.swift in Sources */,
				56677FCC251466FF000C36BE /* Defaultable.swift in Sources */,
				56CFB9942520D8A500F3E04D /* StoreSubscriberRxProxy.swift in Sources */,
				563AFC9A24FC316200EB6F53 /* AppDelegate.swift in Sources */,
				56DF7169251CA21B00C09A9E /* KeyboardObserver.swift in Sources */,
				56167758251C4DCA0022E0F4 /* ActionTargetToClosureConversion.swift in Sources */,
				56385C90251223320099D9CC /* EntryListRemoveEntryUseCase.swift in Sources */,
				566A4185251468FC0040F306 /* iOSTabBarReducer.swift in Sources */,
				56696D7825138E8D0095B79C /* iOSEntryListState.swift in Sources */,
				564EF58B2513289100BA84DA /* iOSEntryInfoState.swift in Sources */,
				5613C5592517C03000AAE6AE /* EntriesObserver.swift in Sources */,
				566A41882514696F0040F306 /* iOSEntryInfoReducer.swift in Sources */,
				56E391262514E5100076CCC9 /* EntryListControllerObserver.swift in Sources */,
				564EF5832513233200BA84DA /* EntryListController.swift in Sources */,
				56404388251C655F00689CFE /* Constraint+Zeroing.swift in Sources */,
				56404386251C622800689CFE /* Optional+CollectionConvenience.swift in Sources */,
				566A418D251469FB0040F306 /* iOSAppReducer.swift in Sources */,
				56F8410325130D310083E128 /* NiblessView.swift in Sources */,
				56A19D51252095A100A33C48 /* TabBarObserver.swift in Sources */,
				56CFB9962520D8C700F3E04D /* ScopedStoreSubscriberRxProxy.swift in Sources */,
				56DF7167251CA11D00C09A9E /* KeyboardEventResponder.swift in Sources */,
				564EF5872513242D00BA84DA /* EntryInfoDismissUseCase.swift in Sources */,
				5671EB9A2520B29200778D76 /* Store+StateObservableFactoryMethod.swift in Sources */,
				5613C5842518790200AAE6AE /* BaseTableViewController.swift in Sources */,
				56105648251DA7CC0082E573 /* DIContainer.swift in Sources */,
				568D57C7251633CB00922A9A /* SubscriptionContainer.swift in Sources */,
				563CB1992519C9CB00857530 /* EntryCell.swift in Sources */,
				56CAC56B25147FFC006A7229 /* Graph.swift in Sources */,
				56385C732511F8700099D9CC /* Entities.swift in Sources */,
				56385C8325121E920099D9CC /* EntryListUseCases.swift in Sources */,
				56AF87E4251A240700AF6733 /* EntryInfoController.swift in Sources */,
				564EF585251323B900BA84DA /* iOSAppState.swift in Sources */,
				564EF5902513292300BA84DA /* iOSTabBarState.swift in Sources */,
				56C98267251785F800B014C6 /* ActionsNamespace.swift in Sources */,
				56A19D4D2520805A00A33C48 /* EditableTableViewDiffableDataSource.swift in Sources */,
				5613C58725187D5E00AAE6AE /* EntryListView.swift in Sources */,
				56CFB9922520D4AE00F3E04D /* ScopedState.swift in Sources */,
				56385C8D2512216A0099D9CC /* BaseUseCase.swift in Sources */,
				56F8410125130D310083E128 /* NiblessTabBarController.swift in Sources */,
				56385C8725121F9E0099D9CC /* EntryListGoToEntryInfoUseCase.swift in Sources */,
				566A4181251468BB0040F306 /* iOSEntryListReducer.swift in Sources */,
				56A19D4F2520933300A33C48 /* TabBarController.swift in Sources */,
				5671EBA02520B53700778D76 /* TabBarDIContainer.swift in Sources */,
				56E3912C2516335E0076CCC9 /* BaseObserver.swift in Sources */,
				56385C95251226910099D9CC /* EntryInfoAddEntryUseCase.swift in Sources */,
				56385C9D251249EB0099D9CC /* EntryInfoActions.swift in Sources */,
				56385C6F2511F7E60099D9CC /* Executable.swift in Sources */,
				5671EBA52520B58900778D76 /* EntryInfoDIContainer.swift in Sources */,
				56DF7173251CCC4B00C09A9E /* KeyboardRendering.swift in Sources */,
			);
			runOnlyForDeploymentPostprocessing = 0;
		};
/* End PBXSourcesBuildPhase section */

/* Begin PBXVariantGroup section */
		563B68962508FCBF00E9B282 /* Localizable.strings */ = {
			isa = PBXVariantGroup;
			children = (
				563B68952508FCBF00E9B282 /* en */,
				563B68972508FCC000E9B282 /* ru */,
			);
			name = Localizable.strings;
			sourceTree = "<group>";
		};
/* End PBXVariantGroup section */

/* Begin XCBuildConfiguration section */
		563AFCBE24FC316400EB6F53 /* Debug */ = {
			isa = XCBuildConfiguration;
			buildSettings = {
				ALWAYS_SEARCH_USER_PATHS = NO;
				CLANG_ANALYZER_LOCALIZABILITY_NONLOCALIZED = YES;
				CLANG_ANALYZER_NONNULL = YES;
				CLANG_ANALYZER_NUMBER_OBJECT_CONVERSION = YES_AGGRESSIVE;
				CLANG_CXX_LANGUAGE_STANDARD = "gnu++14";
				CLANG_CXX_LIBRARY = "libc++";
				CLANG_ENABLE_MODULES = YES;
				CLANG_ENABLE_OBJC_ARC = YES;
				CLANG_ENABLE_OBJC_WEAK = YES;
				CLANG_WARN_BLOCK_CAPTURE_AUTORELEASING = YES;
				CLANG_WARN_BOOL_CONVERSION = YES;
				CLANG_WARN_COMMA = YES;
				CLANG_WARN_CONSTANT_CONVERSION = YES;
				CLANG_WARN_DEPRECATED_OBJC_IMPLEMENTATIONS = YES;
				CLANG_WARN_DIRECT_OBJC_ISA_USAGE = YES_ERROR;
				CLANG_WARN_DOCUMENTATION_COMMENTS = YES;
				CLANG_WARN_EMPTY_BODY = YES;
				CLANG_WARN_ENUM_CONVERSION = YES;
				CLANG_WARN_INFINITE_RECURSION = YES;
				CLANG_WARN_INT_CONVERSION = YES;
				CLANG_WARN_NON_LITERAL_NULL_CONVERSION = YES;
				CLANG_WARN_OBJC_IMPLICIT_RETAIN_SELF = YES;
				CLANG_WARN_OBJC_LITERAL_CONVERSION = YES;
				CLANG_WARN_OBJC_ROOT_CLASS = YES_ERROR;
				CLANG_WARN_QUOTED_INCLUDE_IN_FRAMEWORK_HEADER = YES;
				CLANG_WARN_RANGE_LOOP_ANALYSIS = YES;
				CLANG_WARN_STRICT_PROTOTYPES = YES;
				CLANG_WARN_SUSPICIOUS_MOVE = YES;
				CLANG_WARN_UNGUARDED_AVAILABILITY = YES_AGGRESSIVE;
				CLANG_WARN_UNREACHABLE_CODE = YES;
				CLANG_WARN__DUPLICATE_METHOD_MATCH = YES;
				COPY_PHASE_STRIP = NO;
				DEBUG_INFORMATION_FORMAT = dwarf;
				ENABLE_STRICT_OBJC_MSGSEND = YES;
				ENABLE_TESTABILITY = YES;
				GCC_C_LANGUAGE_STANDARD = gnu11;
				GCC_DYNAMIC_NO_PIC = NO;
				GCC_NO_COMMON_BLOCKS = YES;
				GCC_OPTIMIZATION_LEVEL = 0;
				GCC_PREPROCESSOR_DEFINITIONS = (
					"DEBUG=1",
					"$(inherited)",
				);
				GCC_WARN_64_TO_32_BIT_CONVERSION = YES;
				GCC_WARN_ABOUT_RETURN_TYPE = YES_ERROR;
				GCC_WARN_UNDECLARED_SELECTOR = YES;
				GCC_WARN_UNINITIALIZED_AUTOS = YES_AGGRESSIVE;
				GCC_WARN_UNUSED_FUNCTION = YES;
				GCC_WARN_UNUSED_VARIABLE = YES;
				IPHONEOS_DEPLOYMENT_TARGET = 13.6;
				MTL_ENABLE_DEBUG_INFO = INCLUDE_SOURCE;
				MTL_FAST_MATH = YES;
				ONLY_ACTIVE_ARCH = YES;
				SDKROOT = iphoneos;
				SWIFT_ACTIVE_COMPILATION_CONDITIONS = DEBUG;
				SWIFT_OPTIMIZATION_LEVEL = "-Onone";
			};
			name = Debug;
		};
		563AFCBF24FC316400EB6F53 /* Release */ = {
			isa = XCBuildConfiguration;
			buildSettings = {
				ALWAYS_SEARCH_USER_PATHS = NO;
				CLANG_ANALYZER_LOCALIZABILITY_NONLOCALIZED = YES;
				CLANG_ANALYZER_NONNULL = YES;
				CLANG_ANALYZER_NUMBER_OBJECT_CONVERSION = YES_AGGRESSIVE;
				CLANG_CXX_LANGUAGE_STANDARD = "gnu++14";
				CLANG_CXX_LIBRARY = "libc++";
				CLANG_ENABLE_MODULES = YES;
				CLANG_ENABLE_OBJC_ARC = YES;
				CLANG_ENABLE_OBJC_WEAK = YES;
				CLANG_WARN_BLOCK_CAPTURE_AUTORELEASING = YES;
				CLANG_WARN_BOOL_CONVERSION = YES;
				CLANG_WARN_COMMA = YES;
				CLANG_WARN_CONSTANT_CONVERSION = YES;
				CLANG_WARN_DEPRECATED_OBJC_IMPLEMENTATIONS = YES;
				CLANG_WARN_DIRECT_OBJC_ISA_USAGE = YES_ERROR;
				CLANG_WARN_DOCUMENTATION_COMMENTS = YES;
				CLANG_WARN_EMPTY_BODY = YES;
				CLANG_WARN_ENUM_CONVERSION = YES;
				CLANG_WARN_INFINITE_RECURSION = YES;
				CLANG_WARN_INT_CONVERSION = YES;
				CLANG_WARN_NON_LITERAL_NULL_CONVERSION = YES;
				CLANG_WARN_OBJC_IMPLICIT_RETAIN_SELF = YES;
				CLANG_WARN_OBJC_LITERAL_CONVERSION = YES;
				CLANG_WARN_OBJC_ROOT_CLASS = YES_ERROR;
				CLANG_WARN_QUOTED_INCLUDE_IN_FRAMEWORK_HEADER = YES;
				CLANG_WARN_RANGE_LOOP_ANALYSIS = YES;
				CLANG_WARN_STRICT_PROTOTYPES = YES;
				CLANG_WARN_SUSPICIOUS_MOVE = YES;
				CLANG_WARN_UNGUARDED_AVAILABILITY = YES_AGGRESSIVE;
				CLANG_WARN_UNREACHABLE_CODE = YES;
				CLANG_WARN__DUPLICATE_METHOD_MATCH = YES;
				COPY_PHASE_STRIP = NO;
				DEBUG_INFORMATION_FORMAT = "dwarf-with-dsym";
				ENABLE_NS_ASSERTIONS = NO;
				ENABLE_STRICT_OBJC_MSGSEND = YES;
				GCC_C_LANGUAGE_STANDARD = gnu11;
				GCC_NO_COMMON_BLOCKS = YES;
				GCC_WARN_64_TO_32_BIT_CONVERSION = YES;
				GCC_WARN_ABOUT_RETURN_TYPE = YES_ERROR;
				GCC_WARN_UNDECLARED_SELECTOR = YES;
				GCC_WARN_UNINITIALIZED_AUTOS = YES_AGGRESSIVE;
				GCC_WARN_UNUSED_FUNCTION = YES;
				GCC_WARN_UNUSED_VARIABLE = YES;
				IPHONEOS_DEPLOYMENT_TARGET = 13.6;
				MTL_ENABLE_DEBUG_INFO = NO;
				MTL_FAST_MATH = YES;
				SDKROOT = iphoneos;
				SWIFT_COMPILATION_MODE = wholemodule;
				SWIFT_OPTIMIZATION_LEVEL = "-O";
				VALIDATE_PRODUCT = YES;
			};
			name = Release;
		};
		563AFCC124FC316400EB6F53 /* Debug */ = {
			isa = XCBuildConfiguration;
			baseConfigurationReference = 87C50CF8EF7B9913CF1AA362 /* Pods-iLexi_iOS.debug.xcconfig */;
			buildSettings = {
				ASSETCATALOG_COMPILER_APPICON_NAME = AppIcon;
				CODE_SIGN_STYLE = Automatic;
				CURRENT_PROJECT_VERSION = 1;
				DEVELOPMENT_TEAM = ALSMTU8N9R;
				INFOPLIST_FILE = "$(SRCROOT)/iLexi_iOS/Info.plist";
				IPHONEOS_DEPLOYMENT_TARGET = 13.0;
				LD_RUNPATH_SEARCH_PATHS = (
					"$(inherited)",
					"@executable_path/Frameworks",
				);
				MARKETING_VERSION = 1.0.0;
				PRODUCT_BUNDLE_IDENTIFIER = it.napoleon.iLexi;
				PRODUCT_NAME = iLexi;
				SWIFT_VERSION = 5.0;
				TARGETED_DEVICE_FAMILY = 1;
			};
			name = Debug;
		};
		563AFCC224FC316400EB6F53 /* Release */ = {
			isa = XCBuildConfiguration;
			baseConfigurationReference = 7CE473D5CAD1AF35D49E5CC9 /* Pods-iLexi_iOS.release.xcconfig */;
			buildSettings = {
				ASSETCATALOG_COMPILER_APPICON_NAME = AppIcon;
				CODE_SIGN_STYLE = Automatic;
				CURRENT_PROJECT_VERSION = 1;
				DEVELOPMENT_TEAM = ALSMTU8N9R;
				INFOPLIST_FILE = "$(SRCROOT)/iLexi_iOS/Info.plist";
				IPHONEOS_DEPLOYMENT_TARGET = 13.0;
				LD_RUNPATH_SEARCH_PATHS = (
					"$(inherited)",
					"@executable_path/Frameworks",
				);
				MARKETING_VERSION = 1.0.0;
				PRODUCT_BUNDLE_IDENTIFIER = it.napoleon.iLexi;
				PRODUCT_NAME = iLexi;
				SWIFT_VERSION = 5.0;
				TARGETED_DEVICE_FAMILY = 1;
			};
			name = Release;
		};
/* End XCBuildConfiguration section */

/* Begin XCConfigurationList section */
		563AFC9124FC316200EB6F53 /* Build configuration list for PBXProject "iLexi" */ = {
			isa = XCConfigurationList;
			buildConfigurations = (
				563AFCBE24FC316400EB6F53 /* Debug */,
				563AFCBF24FC316400EB6F53 /* Release */,
			);
			defaultConfigurationIsVisible = 0;
			defaultConfigurationName = Release;
		};
		563AFCC024FC316400EB6F53 /* Build configuration list for PBXNativeTarget "iLexi_iOS" */ = {
			isa = XCConfigurationList;
			buildConfigurations = (
				563AFCC124FC316400EB6F53 /* Debug */,
				563AFCC224FC316400EB6F53 /* Release */,
			);
			defaultConfigurationIsVisible = 0;
			defaultConfigurationName = Release;
		};
/* End XCConfigurationList section */
	};
	rootObject = 563AFC8E24FC316200EB6F53 /* Project object */;
}
