// !$*UTF8*$!
{
	archiveVersion = 1;
	classes = {
	};
	objectVersion = 51;
	objects = {

/* Begin PBXBuildFile section */
		563AFC9A24FC316200EB6F53 /* AppDelegate.swift in Sources */ = {isa = PBXBuildFile; fileRef = 563AFC9924FC316200EB6F53 /* AppDelegate.swift */; };
		563AFC9C24FC316200EB6F53 /* SceneDelegate.swift in Sources */ = {isa = PBXBuildFile; fileRef = 563AFC9B24FC316200EB6F53 /* SceneDelegate.swift */; };
		563AFCA324FC316400EB6F53 /* Assets.xcassets in Resources */ = {isa = PBXBuildFile; fileRef = 563AFCA224FC316400EB6F53 /* Assets.xcassets */; };
		563AFCA624FC316400EB6F53 /* LaunchScreen.storyboard in Resources */ = {isa = PBXBuildFile; fileRef = 563AFCA424FC316400EB6F53 /* LaunchScreen.storyboard */; };
		B27627F877AF7EFC11029216 /* Pods_iLexi.framework in Frameworks */ = {isa = PBXBuildFile; fileRef = 26EE91C439856608727DCC08 /* Pods_iLexi.framework */; };
/* End PBXBuildFile section */

/* Begin PBXCopyFilesBuildPhase section */
		563AFD1424FD2D1000EB6F53 /* Copy Frameworks */ = {
			isa = PBXCopyFilesBuildPhase;
			buildActionMask = 2147483647;
			dstPath = "";
			dstSubfolderSpec = 10;
			files = (
			);
			name = "Copy Frameworks";
			runOnlyForDeploymentPostprocessing = 0;
		};
/* End PBXCopyFilesBuildPhase section */

/* Begin PBXFileReference section */
		26EE91C439856608727DCC08 /* Pods_iLexi.framework */ = {isa = PBXFileReference; explicitFileType = wrapper.framework; includeInIndex = 0; path = Pods_iLexi.framework; sourceTree = BUILT_PRODUCTS_DIR; };
		563AFC9624FC316200EB6F53 /* iLexi.app */ = {isa = PBXFileReference; explicitFileType = wrapper.application; includeInIndex = 0; path = iLexi.app; sourceTree = BUILT_PRODUCTS_DIR; };
		563AFC9924FC316200EB6F53 /* AppDelegate.swift */ = {isa = PBXFileReference; lastKnownFileType = sourcecode.swift; path = AppDelegate.swift; sourceTree = "<group>"; };
		563AFC9B24FC316200EB6F53 /* SceneDelegate.swift */ = {isa = PBXFileReference; lastKnownFileType = sourcecode.swift; path = SceneDelegate.swift; sourceTree = "<group>"; };
		563AFCA224FC316400EB6F53 /* Assets.xcassets */ = {isa = PBXFileReference; lastKnownFileType = folder.assetcatalog; path = Assets.xcassets; sourceTree = "<group>"; };
		563AFCA524FC316400EB6F53 /* Base */ = {isa = PBXFileReference; lastKnownFileType = file.storyboard; name = Base; path = Base.lproj/LaunchScreen.storyboard; sourceTree = "<group>"; };
		563AFCA724FC316400EB6F53 /* Info.plist */ = {isa = PBXFileReference; lastKnownFileType = text.plist.xml; path = Info.plist; sourceTree = "<group>"; };
		9858C321ED6D4C9A8B1D4283 /* Pods-iLexi.debug.xcconfig */ = {isa = PBXFileReference; includeInIndex = 1; lastKnownFileType = text.xcconfig; name = "Pods-iLexi.debug.xcconfig"; path = "Target Support Files/Pods-iLexi/Pods-iLexi.debug.xcconfig"; sourceTree = "<group>"; };
		DBB1DABB4281EE6AEDDB62CC /* Pods-iLexi.release.xcconfig */ = {isa = PBXFileReference; includeInIndex = 1; lastKnownFileType = text.xcconfig; name = "Pods-iLexi.release.xcconfig"; path = "Target Support Files/Pods-iLexi/Pods-iLexi.release.xcconfig"; sourceTree = "<group>"; };
/* End PBXFileReference section */

/* Begin PBXFrameworksBuildPhase section */
		563AFC9324FC316200EB6F53 /* Frameworks */ = {
			isa = PBXFrameworksBuildPhase;
			buildActionMask = 2147483647;
			files = (
				B27627F877AF7EFC11029216 /* Pods_iLexi.framework in Frameworks */,
			);
			runOnlyForDeploymentPostprocessing = 0;
		};
/* End PBXFrameworksBuildPhase section */

/* Begin PBXGroup section */
		563AFC8D24FC316200EB6F53 = {
			isa = PBXGroup;
			children = (
				563AFC9824FC316200EB6F53 /* iLexi */,
				563AFC9724FC316200EB6F53 /* Products */,
				DDFD32316CB9E444F9E2EC12 /* Pods */,
				7856CCE145B3B673487D6911 /* Frameworks */,
			);
			sourceTree = "<group>";
		};
		563AFC9724FC316200EB6F53 /* Products */ = {
			isa = PBXGroup;
			children = (
				563AFC9624FC316200EB6F53 /* iLexi.app */,
			);
			name = Products;
			sourceTree = "<group>";
		};
		563AFC9824FC316200EB6F53 /* iLexi */ = {
			isa = PBXGroup;
			children = (
				563AFC9924FC316200EB6F53 /* AppDelegate.swift */,
				563AFC9B24FC316200EB6F53 /* SceneDelegate.swift */,
				563AFCA224FC316400EB6F53 /* Assets.xcassets */,
				563AFCA424FC316400EB6F53 /* LaunchScreen.storyboard */,
				563AFCA724FC316400EB6F53 /* Info.plist */,
			);
			path = iLexi;
			sourceTree = "<group>";
		};
		7856CCE145B3B673487D6911 /* Frameworks */ = {
			isa = PBXGroup;
			children = (
				26EE91C439856608727DCC08 /* Pods_iLexi.framework */,
			);
			name = Frameworks;
			sourceTree = "<group>";
		};
		DDFD32316CB9E444F9E2EC12 /* Pods */ = {
			isa = PBXGroup;
			children = (
				9858C321ED6D4C9A8B1D4283 /* Pods-iLexi.debug.xcconfig */,
				DBB1DABB4281EE6AEDDB62CC /* Pods-iLexi.release.xcconfig */,
			);
			path = Pods;
			sourceTree = "<group>";
		};
/* End PBXGroup section */

/* Begin PBXNativeTarget section */
		563AFC9524FC316200EB6F53 /* iLexi */ = {
			isa = PBXNativeTarget;
			buildConfigurationList = 563AFCC024FC316400EB6F53 /* Build configuration list for PBXNativeTarget "iLexi" */;
			buildPhases = (
				B482D596ABDB17F2BBE9C326 /* [CP] Check Pods Manifest.lock */,
				563AFC9224FC316200EB6F53 /* Sources */,
				563AFC9324FC316200EB6F53 /* Frameworks */,
				563AFC9424FC316200EB6F53 /* Resources */,
				0022434D1FCE833E0E85F264 /* [CP] Embed Pods Frameworks */,
				563AFD1424FD2D1000EB6F53 /* Copy Frameworks */,
			);
			buildRules = (
			);
			dependencies = (
			);
			name = iLexi;
			productName = iLexi;
			productReference = 563AFC9624FC316200EB6F53 /* iLexi.app */;
			productType = "com.apple.product-type.application";
		};
/* End PBXNativeTarget section */

/* Begin PBXProject section */
		563AFC8E24FC316200EB6F53 /* Project object */ = {
			isa = PBXProject;
			attributes = {
				LastSwiftUpdateCheck = 1160;
				LastUpgradeCheck = 1160;
				ORGANIZATIONNAME = "Napoleon IT";
				TargetAttributes = {
					563AFC9524FC316200EB6F53 = {
						CreatedOnToolsVersion = 11.6;
					};
				};
			};
			buildConfigurationList = 563AFC9124FC316200EB6F53 /* Build configuration list for PBXProject "iLexi" */;
			compatibilityVersion = "Xcode 9.3";
			developmentRegion = en;
			hasScannedForEncodings = 0;
			knownRegions = (
				en,
				Base,
			);
			mainGroup = 563AFC8D24FC316200EB6F53;
			productRefGroup = 563AFC9724FC316200EB6F53 /* Products */;
			projectDirPath = "";
			projectRoot = "";
			targets = (
				563AFC9524FC316200EB6F53 /* iLexi */,
			);
		};
/* End PBXProject section */

/* Begin PBXResourcesBuildPhase section */
		563AFC9424FC316200EB6F53 /* Resources */ = {
			isa = PBXResourcesBuildPhase;
			buildActionMask = 2147483647;
			files = (
				563AFCA624FC316400EB6F53 /* LaunchScreen.storyboard in Resources */,
				563AFCA324FC316400EB6F53 /* Assets.xcassets in Resources */,
			);
			runOnlyForDeploymentPostprocessing = 0;
		};
/* End PBXResourcesBuildPhase section */

/* Begin PBXShellScriptBuildPhase section */
		0022434D1FCE833E0E85F264 /* [CP] Embed Pods Frameworks */ = {
			isa = PBXShellScriptBuildPhase;
			buildActionMask = 2147483647;
			files = (
			);
			inputFileListPaths = (
				"${PODS_ROOT}/Target Support Files/Pods-iLexi/Pods-iLexi-frameworks-${CONFIGURATION}-input-files.xcfilelist",
			);
			name = "[CP] Embed Pods Frameworks";
			outputFileListPaths = (
				"${PODS_ROOT}/Target Support Files/Pods-iLexi/Pods-iLexi-frameworks-${CONFIGURATION}-output-files.xcfilelist",
			);
			runOnlyForDeploymentPostprocessing = 0;
			shellPath = /bin/sh;
			shellScript = "\"${PODS_ROOT}/Target Support Files/Pods-iLexi/Pods-iLexi-frameworks.sh\"\n";
			showEnvVarsInLog = 0;
		};
		B482D596ABDB17F2BBE9C326 /* [CP] Check Pods Manifest.lock */ = {
			isa = PBXShellScriptBuildPhase;
			buildActionMask = 2147483647;
			files = (
			);
			inputFileListPaths = (
			);
			inputPaths = (
				"${PODS_PODFILE_DIR_PATH}/Podfile.lock",
				"${PODS_ROOT}/Manifest.lock",
			);
			name = "[CP] Check Pods Manifest.lock";
			outputFileListPaths = (
			);
			outputPaths = (
				"$(DERIVED_FILE_DIR)/Pods-iLexi-checkManifestLockResult.txt",
			);
			runOnlyForDeploymentPostprocessing = 0;
			shellPath = /bin/sh;
			shellScript = "diff \"${PODS_PODFILE_DIR_PATH}/Podfile.lock\" \"${PODS_ROOT}/Manifest.lock\" > /dev/null\nif [ $? != 0 ] ; then\n    # print error to STDERR\n    echo \"error: The sandbox is not in sync with the Podfile.lock. Run 'pod install' or update your CocoaPods installation.\" >&2\n    exit 1\nfi\n# This output is used by Xcode 'outputs' to avoid re-running this script phase.\necho \"SUCCESS\" > \"${SCRIPT_OUTPUT_FILE_0}\"\n";
			showEnvVarsInLog = 0;
		};
/* End PBXShellScriptBuildPhase section */

/* Begin PBXSourcesBuildPhase section */
		563AFC9224FC316200EB6F53 /* Sources */ = {
			isa = PBXSourcesBuildPhase;
			buildActionMask = 2147483647;
			files = (
				563AFC9A24FC316200EB6F53 /* AppDelegate.swift in Sources */,
				563AFC9C24FC316200EB6F53 /* SceneDelegate.swift in Sources */,
			);
			runOnlyForDeploymentPostprocessing = 0;
		};
/* End PBXSourcesBuildPhase section */

/* Begin PBXVariantGroup section */
		563AFCA424FC316400EB6F53 /* LaunchScreen.storyboard */ = {
			isa = PBXVariantGroup;
			children = (
				563AFCA524FC316400EB6F53 /* Base */,
			);
			name = LaunchScreen.storyboard;
			sourceTree = "<group>";
		};
/* End PBXVariantGroup section */

/* Begin XCBuildConfiguration section */
		563AFCBE24FC316400EB6F53 /* Debug */ = {
			isa = XCBuildConfiguration;
			buildSettings = {
				ALWAYS_SEARCH_USER_PATHS = NO;
				CLANG_ANALYZER_NONNULL = YES;
				CLANG_ANALYZER_NUMBER_OBJECT_CONVERSION = YES_AGGRESSIVE;
				CLANG_CXX_LANGUAGE_STANDARD = "gnu++14";
				CLANG_CXX_LIBRARY = "libc++";
				CLANG_ENABLE_MODULES = YES;
				CLANG_ENABLE_OBJC_ARC = YES;
				CLANG_ENABLE_OBJC_WEAK = YES;
				CLANG_WARN_BLOCK_CAPTURE_AUTORELEASING = YES;
				CLANG_WARN_BOOL_CONVERSION = YES;
				CLANG_WARN_COMMA = YES;
				CLANG_WARN_CONSTANT_CONVERSION = YES;
				CLANG_WARN_DEPRECATED_OBJC_IMPLEMENTATIONS = YES;
				CLANG_WARN_DIRECT_OBJC_ISA_USAGE = YES_ERROR;
				CLANG_WARN_DOCUMENTATION_COMMENTS = YES;
				CLANG_WARN_EMPTY_BODY = YES;
				CLANG_WARN_ENUM_CONVERSION = YES;
				CLANG_WARN_INFINITE_RECURSION = YES;
				CLANG_WARN_INT_CONVERSION = YES;
				CLANG_WARN_NON_LITERAL_NULL_CONVERSION = YES;
				CLANG_WARN_OBJC_IMPLICIT_RETAIN_SELF = YES;
				CLANG_WARN_OBJC_LITERAL_CONVERSION = YES;
				CLANG_WARN_OBJC_ROOT_CLASS = YES_ERROR;
				CLANG_WARN_RANGE_LOOP_ANALYSIS = YES;
				CLANG_WARN_STRICT_PROTOTYPES = YES;
				CLANG_WARN_SUSPICIOUS_MOVE = YES;
				CLANG_WARN_UNGUARDED_AVAILABILITY = YES_AGGRESSIVE;
				CLANG_WARN_UNREACHABLE_CODE = YES;
				CLANG_WARN__DUPLICATE_METHOD_MATCH = YES;
				COPY_PHASE_STRIP = NO;
				DEBUG_INFORMATION_FORMAT = dwarf;
				ENABLE_STRICT_OBJC_MSGSEND = YES;
				ENABLE_TESTABILITY = YES;
				GCC_C_LANGUAGE_STANDARD = gnu11;
				GCC_DYNAMIC_NO_PIC = NO;
				GCC_NO_COMMON_BLOCKS = YES;
				GCC_OPTIMIZATION_LEVEL = 0;
				GCC_PREPROCESSOR_DEFINITIONS = (
					"DEBUG=1",
					"$(inherited)",
				);
				GCC_WARN_64_TO_32_BIT_CONVERSION = YES;
				GCC_WARN_ABOUT_RETURN_TYPE = YES_ERROR;
				GCC_WARN_UNDECLARED_SELECTOR = YES;
				GCC_WARN_UNINITIALIZED_AUTOS = YES_AGGRESSIVE;
				GCC_WARN_UNUSED_FUNCTION = YES;
				GCC_WARN_UNUSED_VARIABLE = YES;
				IPHONEOS_DEPLOYMENT_TARGET = 13.6;
				MTL_ENABLE_DEBUG_INFO = INCLUDE_SOURCE;
				MTL_FAST_MATH = YES;
				ONLY_ACTIVE_ARCH = YES;
				SDKROOT = iphoneos;
				SWIFT_ACTIVE_COMPILATION_CONDITIONS = DEBUG;
				SWIFT_OPTIMIZATION_LEVEL = "-Onone";
			};
			name = Debug;
		};
		563AFCBF24FC316400EB6F53 /* Release */ = {
			isa = XCBuildConfiguration;
			buildSettings = {
				ALWAYS_SEARCH_USER_PATHS = NO;
				CLANG_ANALYZER_NONNULL = YES;
				CLANG_ANALYZER_NUMBER_OBJECT_CONVERSION = YES_AGGRESSIVE;
				CLANG_CXX_LANGUAGE_STANDARD = "gnu++14";
				CLANG_CXX_LIBRARY = "libc++";
				CLANG_ENABLE_MODULES = YES;
				CLANG_ENABLE_OBJC_ARC = YES;
				CLANG_ENABLE_OBJC_WEAK = YES;
				CLANG_WARN_BLOCK_CAPTURE_AUTORELEASING = YES;
				CLANG_WARN_BOOL_CONVERSION = YES;
				CLANG_WARN_COMMA = YES;
				CLANG_WARN_CONSTANT_CONVERSION = YES;
				CLANG_WARN_DEPRECATED_OBJC_IMPLEMENTATIONS = YES;
				CLANG_WARN_DIRECT_OBJC_ISA_USAGE = YES_ERROR;
				CLANG_WARN_DOCUMENTATION_COMMENTS = YES;
				CLANG_WARN_EMPTY_BODY = YES;
				CLANG_WARN_ENUM_CONVERSION = YES;
				CLANG_WARN_INFINITE_RECURSION = YES;
				CLANG_WARN_INT_CONVERSION = YES;
				CLANG_WARN_NON_LITERAL_NULL_CONVERSION = YES;
				CLANG_WARN_OBJC_IMPLICIT_RETAIN_SELF = YES;
				CLANG_WARN_OBJC_LITERAL_CONVERSION = YES;
				CLANG_WARN_OBJC_ROOT_CLASS = YES_ERROR;
				CLANG_WARN_RANGE_LOOP_ANALYSIS = YES;
				CLANG_WARN_STRICT_PROTOTYPES = YES;
				CLANG_WARN_SUSPICIOUS_MOVE = YES;
				CLANG_WARN_UNGUARDED_AVAILABILITY = YES_AGGRESSIVE;
				CLANG_WARN_UNREACHABLE_CODE = YES;
				CLANG_WARN__DUPLICATE_METHOD_MATCH = YES;
				COPY_PHASE_STRIP = NO;
				DEBUG_INFORMATION_FORMAT = "dwarf-with-dsym";
				ENABLE_NS_ASSERTIONS = NO;
				ENABLE_STRICT_OBJC_MSGSEND = YES;
				GCC_C_LANGUAGE_STANDARD = gnu11;
				GCC_NO_COMMON_BLOCKS = YES;
				GCC_WARN_64_TO_32_BIT_CONVERSION = YES;
				GCC_WARN_ABOUT_RETURN_TYPE = YES_ERROR;
				GCC_WARN_UNDECLARED_SELECTOR = YES;
				GCC_WARN_UNINITIALIZED_AUTOS = YES_AGGRESSIVE;
				GCC_WARN_UNUSED_FUNCTION = YES;
				GCC_WARN_UNUSED_VARIABLE = YES;
				IPHONEOS_DEPLOYMENT_TARGET = 13.6;
				MTL_ENABLE_DEBUG_INFO = NO;
				MTL_FAST_MATH = YES;
				SDKROOT = iphoneos;
				SWIFT_COMPILATION_MODE = wholemodule;
				SWIFT_OPTIMIZATION_LEVEL = "-O";
				VALIDATE_PRODUCT = YES;
			};
			name = Release;
		};
		563AFCC124FC316400EB6F53 /* Debug */ = {
			isa = XCBuildConfiguration;
			baseConfigurationReference = 9858C321ED6D4C9A8B1D4283 /* Pods-iLexi.debug.xcconfig */;
			buildSettings = {
				ASSETCATALOG_COMPILER_APPICON_NAME = AppIcon;
				CODE_SIGN_STYLE = Automatic;
				DEVELOPMENT_TEAM = ALSMTU8N9R;
				INFOPLIST_FILE = iLexi/Info.plist;
				IPHONEOS_DEPLOYMENT_TARGET = 13.0;
				LD_RUNPATH_SEARCH_PATHS = (
					"$(inherited)",
					"@executable_path/Frameworks",
				);
				PRODUCT_BUNDLE_IDENTIFIER = it.napoleon.iLexi;
				PRODUCT_NAME = "$(TARGET_NAME)";
				SWIFT_VERSION = 5.0;
				TARGETED_DEVICE_FAMILY = "1,2";
			};
			name = Debug;
		};
		563AFCC224FC316400EB6F53 /* Release */ = {
			isa = XCBuildConfiguration;
			baseConfigurationReference = DBB1DABB4281EE6AEDDB62CC /* Pods-iLexi.release.xcconfig */;
			buildSettings = {
				ASSETCATALOG_COMPILER_APPICON_NAME = AppIcon;
				CODE_SIGN_STYLE = Automatic;
				DEVELOPMENT_TEAM = ALSMTU8N9R;
				INFOPLIST_FILE = iLexi/Info.plist;
				IPHONEOS_DEPLOYMENT_TARGET = 13.0;
				LD_RUNPATH_SEARCH_PATHS = (
					"$(inherited)",
					"@executable_path/Frameworks",
				);
				PRODUCT_BUNDLE_IDENTIFIER = it.napoleon.iLexi;
				PRODUCT_NAME = "$(TARGET_NAME)";
				SWIFT_VERSION = 5.0;
				TARGETED_DEVICE_FAMILY = "1,2";
			};
			name = Release;
		};
/* End XCBuildConfiguration section */

/* Begin XCConfigurationList section */
		563AFC9124FC316200EB6F53 /* Build configuration list for PBXProject "iLexi" */ = {
			isa = XCConfigurationList;
			buildConfigurations = (
				563AFCBE24FC316400EB6F53 /* Debug */,
				563AFCBF24FC316400EB6F53 /* Release */,
			);
			defaultConfigurationIsVisible = 0;
			defaultConfigurationName = Release;
		};
		563AFCC024FC316400EB6F53 /* Build configuration list for PBXNativeTarget "iLexi" */ = {
			isa = XCConfigurationList;
			buildConfigurations = (
				563AFCC124FC316400EB6F53 /* Debug */,
				563AFCC224FC316400EB6F53 /* Release */,
			);
			defaultConfigurationIsVisible = 0;
			defaultConfigurationName = Release;
		};
/* End XCConfigurationList section */
	};
	rootObject = 563AFC8E24FC316200EB6F53 /* Project object */;
}
